Microsoft Visual Studio Solution File, Format Version 12.00
# Visual Studio Version 17
VisualStudioVersion = 17.14.35906.104
MinimumVisualStudioVersion = 10.0.40219.1
Project("{2150E333-8FDC-42A3-9474-1A3956D46DE8}") = "Solution Items", "Solution Items", "{02EA681E-C7D8-13C7-8484-4AC65E1B71E8}"
	ProjectSection(SolutionItems) = preProject
		Core.Build.props = Core.Build.props
		Directory.Build.props = Directory.Build.props
		Directory.Packages.props = Directory.Packages.props
		Dockerfile = Dockerfile
	EndProjectSection
EndProject
Project("{2150E333-8FDC-42A3-9474-1A3956D46DE8}") = "Core", "Core", "{72180AF2-9E44-44EC-846B-1E7B6952FA41}"
EndProject
Project("{FAE04EC0-301F-11D3-BF4B-00C04F79EFBC}") = "Core", "Core\Core\Core.csproj", "{4A4A5885-C826-4485-AEE2-5D20DB8DD074}"
EndProject
Project("{FAE04EC0-301F-11D3-BF4B-00C04F79EFBC}") = "Core.Serialization", "Core\Core.Serialization\Core.Serialization.csproj", "{4F3650E5-3647-4403-A285-3ED6F6EF6E69}"
EndProject
Project("{FAE04EC0-301F-11D3-BF4B-00C04F79EFBC}") = "Core.Scheduling", "Core\Core.Scheduling\Core.Scheduling.csproj", "{C4A5DE99-A081-4EF4-AE69-2D897E45EF0B}"
EndProject
Project("{FAE04EC0-301F-11D3-BF4B-00C04F79EFBC}") = "Core.EventStoreDB", "Core\Core.EventStoreDB\Core.EventStoreDB.csproj", "{F5E67B17-7A35-4D47-8375-20ECDB9F332C}"
EndProject
Project("{FAE04EC0-301F-11D3-BF4B-00C04F79EFBC}") = "Core.Kafka", "Core\Core.Kafka\Core.Kafka.csproj", "{128EDA3E-BF4C-45F1-90F0-D363D7B81803}"
EndProject
Project("{FAE04EC0-301F-11D3-BF4B-00C04F79EFBC}") = "Core.EntityFramework", "Core\Core.EntityFramework\Core.EntityFramework.csproj", "{64D202DE-09F4-4A39-BB2C-9BDEBF07CEAA}"
EndProject
Project("{FAE04EC0-301F-11D3-BF4B-00C04F79EFBC}") = "Core.ElasticSearch", "Core\Core.ElasticSearch\Core.ElasticSearch.csproj", "{5C3E950F-B96A-4D2C-8249-6F080D025313}"
EndProject
Project("{FAE04EC0-301F-11D3-BF4B-00C04F79EFBC}") = "Core.Marten", "Core\Core.Marten\Core.Marten.csproj", "{1759C1DF-248F-0900-B0AC-A648D7DA814A}"
EndProject
Project("{FAE04EC0-301F-11D3-BF4B-00C04F79EFBC}") = "Core.WebApi", "Core\Core.WebApi\Core.WebApi.csproj", "{9B9BDB95-BCB1-4C8E-8FC0-B2A82B6D87AC}"
EndProject
Project("{FAE04EC0-301F-11D3-BF4B-00C04F79EFBC}") = "SwaggerUi.Aspire.Hosting", "Core\SwaggerUi.Aspire.Hosting\SwaggerUi.Aspire.Hosting.csproj", "{793FF648-61E2-4C5B-8C25-2A47C4FFDBFD}"
EndProject
Project("{FAE04EC0-301F-11D3-BF4B-00C04F79EFBC}") = "Core.Testing", "Core\Core.Testing\Core.Testing.csproj", "{EF70D409-6F82-44AE-B30F-7FFA1CE0BEE8}"
EndProject
Project("{FAE04EC0-301F-11D3-BF4B-00C04F79EFBC}") = "Core.EntityFramework.Tests", "Core\Core.EntityFramework.Tests\Core.EntityFramework.Tests.csproj", "{D4CE7AA8-D7FF-475B-B287-264565D5044D}"
EndProject
Project("{FAE04EC0-301F-11D3-BF4B-00C04F79EFBC}") = "Core.Tests", "Core\Core.Tests\Core.Tests.csproj", "{42EC9941-0FFB-4C78-93A2-8E63996DCA7F}"
EndProject
Project("{FAE04EC0-301F-11D3-BF4B-00C04F79EFBC}") = "Core.EventStoreDB.Tests", "Core\Core.EventStoreDB.Tests\Core.EventStoreDB.Tests.csproj", "{1215EED3-F2A2-4783-B296-4CDF26D5C03E}"
EndProject
Project("{FAE04EC0-301F-11D3-BF4B-00C04F79EFBC}") = "Core.Kafka.Tests", "Core\Core.Kafka.Tests\Core.Kafka.Tests.csproj", "{92B96951-7EAF-4AD3-9BEA-D7B6319832DB}"
EndProject
Project("{2150E333-8FDC-42A3-9474-1A3956D46DE8}") = "Sample", "Sample", "{6D0C1632-D544-46DD-949C-106BF9890B1C}"
EndProject
Project("{2150E333-8FDC-42A3-9474-1A3956D46DE8}") = "AsyncProjections", "AsyncProjections", "{0BBF4F8A-ACFA-43CA-8686-9CB069E24A90}"
EndProject
Project("{FAE04EC0-301F-11D3-BF4B-00C04F79EFBC}") = "SmartHome.Temperature", "Sample\AsyncProjections\SmartHome.Temperature\SmartHome.Temperature.csproj", "{917EFFE3-5A3A-4F3E-B9A9-C741D800DF97}"
EndProject
Project("{FAE04EC0-301F-11D3-BF4B-00C04F79EFBC}") = "SmartHome.Api", "Sample\AsyncProjections\SmartHome.Api\SmartHome.Api.csproj", "{24A73209-17F4-401B-9C89-59C0EDE3C571}"
EndProject
Project("{2150E333-8FDC-42A3-9474-1A3956D46DE8}") = "docker", "docker", "{F84B4D02-7418-4ACE-84AF-2B6F0C462FC6}"
	ProjectSection(SolutionItems) = preProject
		docker-compose.yml = docker-compose.yml
		Dockerfile = Dockerfile
	EndProjectSection
EndProject
Project("{2150E333-8FDC-42A3-9474-1A3956D46DE8}") = "ClosingTheBooks", "ClosingTheBooks", "{F510E8A0-CF29-4B8C-9A08-88159A4AE3CB}"
EndProject
Project("{FAE04EC0-301F-11D3-BF4B-00C04F79EFBC}") = "PointOfSales", "Sample\ClosingTheBooks\PointOfSales\PointOfSales.csproj", "{B5EE4A5F-00EE-4E14-907C-55265C02137D}"
EndProject
Project("{FAE04EC0-301F-11D3-BF4B-00C04F79EFBC}") = "PointOfSales.Api", "Sample\ClosingTheBooks\PointOfSales.Api\PointOfSales.Api.csproj", "{275EFFCF-3E9B-4D61-8E5A-D46CD1C1EC69}"
EndProject
Project("{FAE04EC0-301F-11D3-BF4B-00C04F79EFBC}") = "PointOfSales.Api.Tests", "Sample\ClosingTheBooks\PointOfSales.Api.Tests\PointOfSales.Api.Tests.csproj", "{9A993C39-F396-4EB0-ABE7-13F2A97A9BBE}"
EndProject
Project("{2150E333-8FDC-42A3-9474-1A3956D46DE8}") = "Decider", "Decider", "{44A1C16F-76C3-4F13-8BAE-94CA274CF850}"
EndProject
Project("{FAE04EC0-301F-11D3-BF4B-00C04F79EFBC}") = "Decider", "Sample\Decider\Decider\Decider.csproj", "{7877DEAE-280C-4B4E-85C2-D259AB325050}"
EndProject
Project("{FAE04EC0-301F-11D3-BF4B-00C04F79EFBC}") = "Decider.Tests", "Sample\Decider\Decider.Tests\Decider.Tests.csproj", "{BF9636A1-5AC9-4DC9-89F2-664B0C267932}"
EndProject
Project("{2150E333-8FDC-42A3-9474-1A3956D46DE8}") = "EventPipelines", "EventPipelines", "{100A3BC2-6646-4818-BF43-6C86BE4AB5CF}"
EndProject
Project("{FAE04EC0-301F-11D3-BF4B-00C04F79EFBC}") = "EventPipelines", "Sample\EventPipelines\EventPipelines\EventPipelines.csproj", "{36FA6640-C153-42DE-9CF6-1C698EA13E4A}"
EndProject
Project("{FAE04EC0-301F-11D3-BF4B-00C04F79EFBC}") = "EventPipelines.MediatR", "Sample\EventPipelines\EventPipelines.MediatR\EventPipelines.MediatR.csproj", "{AEF8361F-0006-47CD-89CA-31344BEC9169}"
EndProject
Project("{FAE04EC0-301F-11D3-BF4B-00C04F79EFBC}") = "EventPipelines.Tests", "Sample\EventPipelines\EventPipelines.Tests\EventPipelines.Tests.csproj", "{B18EB698-FE5E-4D64-9442-FA3ADE0A0518}"
EndProject
Project("{2150E333-8FDC-42A3-9474-1A3956D46DE8}") = "HotelManagement", "HotelManagement", "{D12AE235-F96E-429F-80B8-1E34ED832310}"
EndProject
Project("{FAE04EC0-301F-11D3-BF4B-00C04F79EFBC}") = "HotelManagement", "Sample\HotelManagement\HotelManagement\HotelManagement.csproj", "{02754851-3D79-4421-8C4B-EE78C44CB843}"
EndProject
Project("{FAE04EC0-301F-11D3-BF4B-00C04F79EFBC}") = "Reservations", "Sample\HotelManagement\Reservations\Reservations.csproj", "{90A47340-F365-43E0-B365-367DFDE9C5A1}"
EndProject
Project("{FAE04EC0-301F-11D3-BF4B-00C04F79EFBC}") = "HotelManagement.Tests", "Sample\HotelManagement\HotelManagement.Tests\HotelManagement.Tests.csproj", "{378CB534-C445-40CD-AF30-6C1964786D63}"
EndProject
Project("{2150E333-8FDC-42A3-9474-1A3956D46DE8}") = "MartenMeetsElastic", "MartenMeetsElastic", "{CB19355C-33B6-4E7D-B557-15E2A22022BB}"
EndProject
Project("{FAE04EC0-301F-11D3-BF4B-00C04F79EFBC}") = "MartenMeetsElastic", "Sample\MartenMeetsElastic\MartenMeetsElastic\MartenMeetsElastic.csproj", "{B43EBBEC-589C-4648-8156-4878BCD8842F}"
EndProject
Project("{FAE04EC0-301F-11D3-BF4B-00C04F79EFBC}") = "MartenMeetsElastic.Tests", "Sample\MartenMeetsElastic\MartenMeetsElastic.Tests\MartenMeetsElastic.Tests.csproj", "{9AE9D160-759C-4994-B5EE-FFD1BA8570D3}"
EndProject
Project("{2150E333-8FDC-42A3-9474-1A3956D46DE8}") = "SlimDownYourAggregate", "SlimDownYourAggregate", "{4F2884E7-BFA0-4451-A8DF-18F6C9F87DE4}"
EndProject
Project("{FAE04EC0-301F-11D3-BF4B-00C04F79EFBC}") = "SlimDownYourAggregate", "Sample\SlimDownYourAggregate\SlimDownYourAggregate\SlimDownYourAggregate.csproj", "{BDFCBBDE-FA7F-4B82-3401-266C7D08F03A}"
EndProject
Project("{2150E333-8FDC-42A3-9474-1A3956D46DE8}") = "EventStoreDB", "EventStoreDB", "{1D5AD313-4D5E-4065-955B-8E6B8D669CC7}"
EndProject
Project("{2150E333-8FDC-42A3-9474-1A3956D46DE8}") = "DataAnalytics", "DataAnalytics", "{A6D2653C-2049-4C83-BD2E-5726BF3A4214}"
EndProject
Project("{FAE04EC0-301F-11D3-BF4B-00C04F79EFBC}") = "MarketBasketAnalytics", "Sample\EventStoreDB\DataAnalytics\MarketBasketAnalytics\MarketBasketAnalytics.csproj", "{5C1DE755-949B-4255-A67A-ACB11A39D926}"
EndProject
Project("{2150E333-8FDC-42A3-9474-1A3956D46DE8}") = "MeetingsManagement", "MeetingsManagement", "{36881197-111F-41BA-AB76-DD628E2165A1}"
EndProject
Project("{FAE04EC0-301F-11D3-BF4B-00C04F79EFBC}") = "MeetingsManagement", "Sample\MeetingsManagement\MeetingsManagement\MeetingsManagement.csproj", "{EBABD5BC-4047-4AEE-85AB-381ED4AD8B89}"
EndProject
Project("{FAE04EC0-301F-11D3-BF4B-00C04F79EFBC}") = "MeetingsManagement.Api", "Sample\MeetingsManagement\MeetingsManagement.Api\MeetingsManagement.Api.csproj", "{50ED23DD-CC2F-45A3-A77A-B6DEB1622D95}"
EndProject
Project("{FAE04EC0-301F-11D3-BF4B-00C04F79EFBC}") = "MeetingsSearch", "Sample\MeetingsManagement\MeetingsSearch\MeetingsSearch.csproj", "{ACB0582F-FCEF-496E-A90A-E54B6E880BEE}"
EndProject
Project("{FAE04EC0-301F-11D3-BF4B-00C04F79EFBC}") = "MeetingsSearch.Api", "Sample\MeetingsManagement\MeetingsSearch.Api\MeetingsSearch.Api.csproj", "{008D711A-0E67-4D22-8684-6C8CDBABD831}"
EndProject
Project("{FAE04EC0-301F-11D3-BF4B-00C04F79EFBC}") = "MeetingsManagement.IntegrationTests", "Sample\MeetingsManagement\MeetingsManagement.IntegrationTests\MeetingsManagement.IntegrationTests.csproj", "{55A3282F-FA88-484C-8FB7-AD3F8E70C6A2}"
EndProject
Project("{FAE04EC0-301F-11D3-BF4B-00C04F79EFBC}") = "MeetingsSearch.IntegrationTests", "Sample\MeetingsManagement\MeetingsSearch.IntegrationTests\MeetingsSearch.IntegrationTests.csproj", "{6FD1D0E3-3981-458E-AED4-FE6A5D272DAE}"
EndProject
Project("{2150E333-8FDC-42A3-9474-1A3956D46DE8}") = "ProjectManagement", "ProjectManagement", "{A1DA5F35-BFF5-412F-9065-B113AAF50332}"
EndProject
Project("{FAE04EC0-301F-11D3-BF4B-00C04F79EFBC}") = "ProjectManagement", "Sample\ProjectManagement\ProjectManagement\ProjectManagement.csproj", "{913C9987-3266-4381-8279-AC36E6B71CBA}"
EndProject
Project("{FAE04EC0-301F-11D3-BF4B-00C04F79EFBC}") = "ProjectManagement.Api", "Sample\ProjectManagement\ProjectManagement.Api\ProjectManagement.Api.csproj", "{2FD54F4F-5FDD-4694-A653-3BBCE3ECB6BF}"
EndProject
Project("{2150E333-8FDC-42A3-9474-1A3956D46DE8}") = "Warehouse", "Warehouse", "{4918E5FC-F89D-4CE0-B3A4-921FECFD536B}"
EndProject
Project("{FAE04EC0-301F-11D3-BF4B-00C04F79EFBC}") = "Warehouse", "Sample\Warehouse\Warehouse\Warehouse.csproj", "{0E410D64-04CE-483C-BEBE-B415CD81428D}"
EndProject
Project("{FAE04EC0-301F-11D3-BF4B-00C04F79EFBC}") = "Warehouse.Api", "Sample\Warehouse\Warehouse.Api\Warehouse.Api.csproj", "{D103D8F3-A8DF-4F0C-B247-9CE21E3A6A4D}"
EndProject
Project("{FAE04EC0-301F-11D3-BF4B-00C04F79EFBC}") = "Warehouse.Api.Tests", "Sample\Warehouse\Warehouse.Api.Tests\Warehouse.Api.Tests.csproj", "{8FB884C0-8C50-4519-89BA-CA39BD2CB15B}"
EndProject
Project("{2150E333-8FDC-42A3-9474-1A3956D46DE8}") = "Warehouse.MinimalAPI", "Warehouse.MinimalAPI", "{3E80C4C4-E33F-49E5-A902-13BAFDC8E967}"
EndProject
Project("{FAE04EC0-301F-11D3-BF4B-00C04F79EFBC}") = "Warehouse.Api", "Sample\Warehouse.MinimalAPI\Warehouse.Api\Warehouse.Api.csproj", "{5B664A49-34C5-4689-A35E-AC4670E64080}"
EndProject
Project("{2150E333-8FDC-42A3-9474-1A3956D46DE8}") = "ECommerce", "ECommerce", "{83666F50-C3C5-4196-9E6B-EB2268063A71}"
EndProject
Project("{2150E333-8FDC-42A3-9474-1A3956D46DE8}") = "Carts", "Carts", "{B0AE8EB9-37A9-40DE-A3F7-4220C3856DB7}"
EndProject
Project("{FAE04EC0-301F-11D3-BF4B-00C04F79EFBC}") = "Carts", "Sample\ECommerce\Carts\Carts\Carts.csproj", "{F32B2302-2813-465E-80C4-422F792BD740}"
EndProject
Project("{FAE04EC0-301F-11D3-BF4B-00C04F79EFBC}") = "Carts.Tests", "Sample\ECommerce\Carts\Carts.Tests\Carts.Tests.csproj", "{9B84794F-8C18-4264-8C1B-F2509F8961A0}"
EndProject
Project("{2150E333-8FDC-42A3-9474-1A3956D46DE8}") = "Orders", "Orders", "{CC1D0CE9-34E7-4C54-8FA7-04CB290A4DEA}"
EndProject
Project("{FAE04EC0-301F-11D3-BF4B-00C04F79EFBC}") = "Orders", "Sample\ECommerce\Orders\Orders\Orders.csproj", "{1D86FDF7-59DF-418D-BAD0-8B6799926A78}"
EndProject
Project("{2150E333-8FDC-42A3-9474-1A3956D46DE8}") = "Payments", "Payments", "{59F89E76-94FC-4FDC-A62D-FD8AC083F4D4}"
EndProject
Project("{FAE04EC0-301F-11D3-BF4B-00C04F79EFBC}") = "Payments", "Sample\ECommerce\Payments\Payments\Payments.csproj", "{DF675725-74A4-43BC-BAA0-D655DE1DE47A}"
EndProject
Project("{FAE04EC0-301F-11D3-BF4B-00C04F79EFBC}") = "Payments.Tests", "Sample\ECommerce\Payments\Payments.Tests\Payments.Tests.csproj", "{478E478F-8AFE-4ED8-8353-8C989B8E01DC}"
EndProject
Project("{2150E333-8FDC-42A3-9474-1A3956D46DE8}") = "Shipments", "Shipments", "{5CB516D1-F5DE-4756-A1B2-E313AA71201F}"
EndProject
Project("{FAE04EC0-301F-11D3-BF4B-00C04F79EFBC}") = "Shipments", "Sample\ECommerce\Shipments\Shipments\Shipments.csproj", "{370F52FB-50AC-4AD0-B98A-50C16FC0C4F0}"
EndProject
Project("{FAE04EC0-301F-11D3-BF4B-00C04F79EFBC}") = "Shipments.Tests", "Sample\ECommerce\Shipments\Shipments.Tests\Shipments.Tests.csproj", "{F5B2F2AD-4AE6-4AB6-8A5F-E5CA0A3727DE}"
EndProject
Project("{2150E333-8FDC-42A3-9474-1A3956D46DE8}") = "EventsVersioning", "EventsVersioning", "{E8D6C5C4-8782-4BBB-8794-737991CA0BAB}"
EndProject
Project("{FAE04EC0-301F-11D3-BF4B-00C04F79EFBC}") = "ECommerce.V1", "Sample\EventsVersioning\ECommerce.V1\ECommerce.V1.csproj", "{B86DB204-F9F0-4AF8-A113-C3E683A4F5A9}"
EndProject
Project("{FAE04EC0-301F-11D3-BF4B-00C04F79EFBC}") = "EventsVersioning.Tests", "Sample\EventsVersioning\EventsVersioning.Tests\EventsVersioning.Tests.csproj", "{C1A2F9EA-6689-44B3-B463-E465E4439A28}"
EndProject
Project("{2150E333-8FDC-42A3-9474-1A3956D46DE8}") = "Helpdesk", "Helpdesk", "{A35F72EE-F785-4561-8F65-2F3E117BBD12}"
EndProject
Project("{FAE04EC0-301F-11D3-BF4B-00C04F79EFBC}") = "Helpdesk.Api", "Sample\Helpdesk\Helpdesk.Api\Helpdesk.Api.csproj", "{97C07A6C-0ADE-4897-9D7B-E63F375DFECA}"
EndProject
Project("{FAE04EC0-301F-11D3-BF4B-00C04F79EFBC}") = "Helpdesk.Api.Tests", "Sample\Helpdesk\Helpdesk.Api.Tests\Helpdesk.Api.Tests.csproj", "{F99D9C65-314B-4FBF-9140-01133F67D1D3}"
EndProject
Project("{2150E333-8FDC-42A3-9474-1A3956D46DE8}") = "Helpdesk.Wolverine", "Helpdesk.Wolverine", "{3AB9D0C3-71E8-4207-AB7E-467C15ECBB05}"
	ProjectSection(SolutionItems) = preProject
		Sample\Helpdesk.Wolverine\docker-compose.yml = Sample\Helpdesk.Wolverine\docker-compose.yml
	EndProjectSection
EndProject
Project("{FAE04EC0-301F-11D3-BF4B-00C04F79EFBC}") = "Helpdesk.Api", "Sample\Helpdesk.Wolverine\Helpdesk.Api\Helpdesk.Api.csproj", "{7F2ED8A7-C99F-41F9-9F1E-F9E56A425A16}"
EndProject
Project("{FAE04EC0-301F-11D3-BF4B-00C04F79EFBC}") = "Helpdesk.Api.Tests", "Sample\Helpdesk.Wolverine\Helpdesk.Api.Tests\Helpdesk.Api.Tests.csproj", "{BB8CB0E5-EE86-43D0-B70B-A1961166AFCF}"
EndProject
Project("{2150E333-8FDC-42A3-9474-1A3956D46DE8}") = "Tickets", "Tickets", "{8EF07D22-4B87-43EA-801F-44CD921AEC6A}"
EndProject
Project("{FAE04EC0-301F-11D3-BF4B-00C04F79EFBC}") = "Tickets", "Sample\Tickets\Tickets\Tickets.csproj", "{EE649E58-087F-42EE-AA55-FC493D235772}"
EndProject
Project("{FAE04EC0-301F-11D3-BF4B-00C04F79EFBC}") = "Tickets.Tests", "Sample\Tickets\Tickets.Tests\Tickets.Tests.csproj", "{C0DF17B9-E12C-487A-A2F3-D79DA90BE567}"
EndProject
Project("{FAE04EC0-301F-11D3-BF4B-00C04F79EFBC}") = "Tickets.Api", "Sample\Tickets\Tickets.Api\Tickets.Api.csproj", "{9B64B7DA-CB09-4FF5-83B2-54C64ABFB485}"
EndProject
Project("{FAE04EC0-301F-11D3-BF4B-00C04F79EFBC}") = "Tickets.Api.Tests", "Sample\Tickets\Tickets.Api.Tests\Tickets.Api.Tests.csproj", "{53E8B1C9-523E-45B5-9A0D-5FB7F044FF0C}"
EndProject
Project("{2150E333-8FDC-42A3-9474-1A3956D46DE8}") = "Tests", "Tests", "{2925F86B-E769-4193-9F89-A59992764B48}"
EndProject
Project("{FAE04EC0-301F-11D3-BF4B-00C04F79EFBC}") = "Marten.Integration.Tests", "Tests\Marten.Integration.Tests\Marten.Integration.Tests.csproj", "{7822FCC8-E1A8-4D84-A034-B7B6717DEAFA}"
EndProject
Project("{2150E333-8FDC-42A3-9474-1A3956D46DE8}") = "CRUDToCQRS", "CRUDToCQRS", "{A2AD6610-2F7B-4024-914C-1CA843B233BD}"
EndProject
Project("{2150E333-8FDC-42A3-9474-1A3956D46DE8}") = "01-CRUD", "01-CRUD", "{A99C819C-DAC5-4475-978A-A8AA9FB70436}"
EndProject
Project("{FAE04EC0-301F-11D3-BF4B-00C04F79EFBC}") = "ECommerce", "Sample\CRUDToCQRS\01-CRUD\ECommerce\ECommerce.csproj", "{5431EC6C-A0E1-4590-9E7E-4012E12867A0}"
EndProject
Project("{2150E333-8FDC-42A3-9474-1A3956D46DE8}") = "02-CRUDWithCQRS", "02-CRUDWithCQRS", "{3DB8FE07-1B2B-4490-8006-44FED0367D21}"
EndProject
Project("{FAE04EC0-301F-11D3-BF4B-00C04F79EFBC}") = "ECommerce", "Sample\CRUDToCQRS\02-CRUDWithCQRS\ECommerce\ECommerce.csproj", "{B6C69F6C-BBDB-4109-9CBE-46ED59E1F06D}"
EndProject
Project("{2150E333-8FDC-42A3-9474-1A3956D46DE8}") = "03-DomainGrouping", "03-DomainGrouping", "{BCDDEF75-FDF0-4A17-8F7B-05D8111DB1CB}"
EndProject
Project("{FAE04EC0-301F-11D3-BF4B-00C04F79EFBC}") = "ECommerce.Domain", "Sample\CRUDToCQRS\03-DomainGrouping\ECommerce.Domain\ECommerce.Domain.csproj", "{784E8C3E-A739-477E-9458-15FC0C029E45}"
EndProject
Project("{FAE04EC0-301F-11D3-BF4B-00C04F79EFBC}") = "ECommerce", "Sample\CRUDToCQRS\03-DomainGrouping\ECommerce\ECommerce.csproj", "{546D48D3-94C0-43ED-87A4-71878F83CE45}"
EndProject
Project("{2150E333-8FDC-42A3-9474-1A3956D46DE8}") = "04-SlimmedDomain", "04-SlimmedDomain", "{BD97F842-3F99-401B-84E2-2FC6DD46454B}"
EndProject
Project("{FAE04EC0-301F-11D3-BF4B-00C04F79EFBC}") = "ECommerce.Domain", "Sample\CRUDToCQRS\04-SlimmedDomain\ECommerce.Domain\ECommerce.Domain.csproj", "{A569A0C7-994F-4895-BA3D-D32E27ACAE4E}"
EndProject
Project("{FAE04EC0-301F-11D3-BF4B-00C04F79EFBC}") = "ECommerce", "Sample\CRUDToCQRS\04-SlimmedDomain\ECommerce\ECommerce.csproj", "{3ACAE672-F6C9-4956-8759-633A137CCD11}"
EndProject
Project("{2150E333-8FDC-42A3-9474-1A3956D46DE8}") = "05-ExplicitDomain", "05-ExplicitDomain", "{932C5F14-86CE-4D57-9282-997F5F45AF4A}"
EndProject
Project("{FAE04EC0-301F-11D3-BF4B-00C04F79EFBC}") = "ECommerce.Domain", "Sample\CRUDToCQRS\05-ExplicitDomain\ECommerce.Domain\ECommerce.Domain.csproj", "{723897C4-AF01-4581-83D2-92256CD9D0CF}"
EndProject
Project("{FAE04EC0-301F-11D3-BF4B-00C04F79EFBC}") = "ECommerce", "Sample\CRUDToCQRS\05-ExplicitDomain\ECommerce\ECommerce.csproj", "{3CA85F29-F5D5-4B21-BA11-E54E7D1FEBF8}"
EndProject
Project("{2150E333-8FDC-42A3-9474-1A3956D46DE8}") = "06-SlicedDomain", "06-SlicedDomain", "{E6831AD9-B04E-4FFB-9840-24573E743D92}"
EndProject
Project("{FAE04EC0-301F-11D3-BF4B-00C04F79EFBC}") = "ECommerce.Domain", "Sample\CRUDToCQRS\06-SlicedDomain\ECommerce.Domain\ECommerce.Domain.csproj", "{A04DF739-2108-69B8-D60D-D3D42FF85936}"
EndProject
Project("{FAE04EC0-301F-11D3-BF4B-00C04F79EFBC}") = "ECommerce", "Sample\CRUDToCQRS\06-SlicedDomain\ECommerce\ECommerce.csproj", "{F810044C-133A-4D67-B5D0-7A83973D49B0}"
EndProject
Project("{2150E333-8FDC-42A3-9474-1A3956D46DE8}") = "07-FlattenedLayers", "07-FlattenedLayers", "{1ACB043E-76A4-47A0-B865-A2590BEF13B5}"
EndProject
Project("{FAE04EC0-301F-11D3-BF4B-00C04F79EFBC}") = "ECommerce.Domain", "Sample\CRUDToCQRS\07-FlattenedLayers\ECommerce.Domain\ECommerce.Domain.csproj", "{5287E685-5320-42E8-B65D-0764D76F08D2}"
EndProject
Project("{FAE04EC0-301F-11D3-BF4B-00C04F79EFBC}") = "ECommerce", "Sample\CRUDToCQRS\07-FlattenedLayers\ECommerce\ECommerce.csproj", "{EB3F0627-A564-410C-BAB6-61FE73FC3B67}"
EndProject
Project("{2150E333-8FDC-42A3-9474-1A3956D46DE8}") = "08-SlicedEndpoints", "08-SlicedEndpoints", "{BF032C38-6ED4-4A8C-B556-7E98CEF2F2D2}"
EndProject
Project("{FAE04EC0-301F-11D3-BF4B-00C04F79EFBC}") = "ECommerce.Domain", "Sample\CRUDToCQRS\08-SlicedEndpoints\ECommerce.Domain\ECommerce.Domain.csproj", "{800A5F57-0B1B-4F91-AE95-2AA5DCD6F297}"
EndProject
Project("{FAE04EC0-301F-11D3-BF4B-00C04F79EFBC}") = "ECommerce", "Sample\CRUDToCQRS\08-SlicedEndpoints\ECommerce\ECommerce.csproj", "{E9C1D618-2E24-476C-B0C9-3577919DA914}"
EndProject
Project("{2150E333-8FDC-42A3-9474-1A3956D46DE8}") = "09-MultipleModules", "09-MultipleModules", "{D6A32AFE-DDE0-42EE-AC49-01169722139A}"
EndProject
Project("{FAE04EC0-301F-11D3-BF4B-00C04F79EFBC}") = "ECommerce.Domain", "Sample\CRUDToCQRS\09-MultipleModules\ECommerce.Domain\ECommerce.Domain.csproj", "{84D26108-5E2F-4FD7-A447-EE7EE31E7077}"
EndProject
Project("{FAE04EC0-301F-11D3-BF4B-00C04F79EFBC}") = "ECommerce", "Sample\CRUDToCQRS\09-MultipleModules\ECommerce\ECommerce.csproj", "{7F2A67FD-7918-4E5E-BBE8-4CBD7A54A580}"
EndProject
Project("{2150E333-8FDC-42A3-9474-1A3956D46DE8}") = "Workshops", "Workshops", "{7FCE7EC9-4191-4F2A-9129-B0357DD8027D}"
EndProject
Project("{2150E333-8FDC-42A3-9474-1A3956D46DE8}") = "BuildYourOwnEventStore", "BuildYourOwnEventStore", "{4D58A182-C3C8-428C-A196-82F31A528887}"
EndProject
Project("{2150E333-8FDC-42A3-9474-1A3956D46DE8}") = "Solved", "Solved", "{27C948BE-064E-41E3-B3F1-21132F3E6BEE}"
EndProject
Project("{FAE04EC0-301F-11D3-BF4B-00C04F79EFBC}") = "EventStoreBasics", "Workshops\BuildYourOwnEventStore\Solved\EventStoreBasics\EventStoreBasics.csproj", "{01F82FD0-E96C-4961-9A97-68D85FEC2BD3}"
EndProject
Project("{FAE04EC0-301F-11D3-BF4B-00C04F79EFBC}") = "01-CreateStreamsTable", "Workshops\BuildYourOwnEventStore\01-CreateStreamsTable\01-CreateStreamsTable.csproj", "{6D39BE2B-291A-43B8-AB7B-CA23B9E4CAFC}"
EndProject
Project("{FAE04EC0-301F-11D3-BF4B-00C04F79EFBC}") = "Tools", "Workshops\BuildYourOwnEventStore\Tools\Tools.csproj", "{4A7FBC1C-7D7F-4219-84F5-9209D8CB3A81}"
EndProject
Project("{FAE04EC0-301F-11D3-BF4B-00C04F79EFBC}") = "02-CreateEventsTable", "Workshops\BuildYourOwnEventStore\02-CreateEventsTable\02-CreateEventsTable.csproj", "{BDC604F5-AF29-420E-8B3B-81447B7B9F3B}"
EndProject
Project("{FAE04EC0-301F-11D3-BF4B-00C04F79EFBC}") = "03-CreateAppendEventFunction", "Workshops\BuildYourOwnEventStore\03-CreateAppendEventFunction\03-CreateAppendEventFunction.csproj", "{CF8E4900-665D-4CED-84B4-AC44ECC1C24B}"
EndProject
Project("{FAE04EC0-301F-11D3-BF4B-00C04F79EFBC}") = "03-OptimisticConcurrency", "Workshops\BuildYourOwnEventStore\03-OptimisticConcurrency\03-OptimisticConcurrency.csproj", "{24ABB421-0165-4656-AEFF-640A6959281C}"
EndProject
Project("{FAE04EC0-301F-11D3-BF4B-00C04F79EFBC}") = "04-EventStoreMethods", "Workshops\BuildYourOwnEventStore\04-EventStoreMethods\04-EventStoreMethods.csproj", "{6CEA6D13-5382-4BD0-927B-A24B4EC15198}"
EndProject
Project("{FAE04EC0-301F-11D3-BF4B-00C04F79EFBC}") = "05-StreamAggregation", "Workshops\BuildYourOwnEventStore\05-StreamAggregation\05-StreamAggregation.csproj", "{487C30D4-7C57-47D3-9BD1-D72A3FC650D1}"
EndProject
Project("{FAE04EC0-301F-11D3-BF4B-00C04F79EFBC}") = "06-TimeTraveling", "Workshops\BuildYourOwnEventStore\06-TimeTraveling\06-TimeTraveling.csproj", "{B318D097-AF75-4402-AAED-9236A3C2C833}"
EndProject
Project("{FAE04EC0-301F-11D3-BF4B-00C04F79EFBC}") = "07-AggregateAndRepository", "Workshops\BuildYourOwnEventStore\07-AggregateAndRepository\07-AggregateAndRepository.csproj", "{D5733655-AD55-4F83-8084-0D3AE349D5C6}"
EndProject
Project("{FAE04EC0-301F-11D3-BF4B-00C04F79EFBC}") = "08-Snapshots", "Workshops\BuildYourOwnEventStore\08-Snapshots\08-Snapshots.csproj", "{391D1D02-452D-477F-9D62-13A7220EE152}"
EndProject
Project("{FAE04EC0-301F-11D3-BF4B-00C04F79EFBC}") = "09-Projections", "Workshops\BuildYourOwnEventStore\09-Projections\09-Projections.csproj", "{51E910D6-AE63-440C-87D2-08CE4B78B316}"
EndProject
Project("{FAE04EC0-301F-11D3-BF4B-00C04F79EFBC}") = "10-ProjectionsWithMarten", "Workshops\BuildYourOwnEventStore\10-ProjectionsWithMarten\10-ProjectionsWithMarten.csproj", "{ACC53B4C-05C8-4F32-97EE-1C85D1823A89}"
EndProject
Project("{FAE04EC0-301F-11D3-BF4B-00C04F79EFBC}") = "EventStoreBasics.Tests", "Workshops\BuildYourOwnEventStore\Solved\EventStoreBasics.Tests\EventStoreBasics.Tests.csproj", "{4DB8E415-D7C2-485B-A7BB-C007C9537DA1}"
EndProject
Project("{2150E333-8FDC-42A3-9474-1A3956D46DE8}") = "IntroductionToEventSourcing", "IntroductionToEventSourcing", "{2E97DE97-7046-4217-9F0F-6DE7C93283CD}"
EndProject
Project("{FAE04EC0-301F-11D3-BF4B-00C04F79EFBC}") = "01-EventsDefinition", "Workshops\IntroductionToEventSourcing\01-EventsDefinition\01-EventsDefinition.csproj", "{7AF7401B-CF47-4C84-AA87-DBA11F1DBA14}"
EndProject
Project("{FAE04EC0-301F-11D3-BF4B-00C04F79EFBC}") = "02-GettingStateFromEvents", "Workshops\IntroductionToEventSourcing\02-GettingStateFromEvents\02-GettingStateFromEvents.csproj", "{5F9D79C3-20D5-418D-B7A2-5A5F7C3B25AA}"
EndProject
Project("{FAE04EC0-301F-11D3-BF4B-00C04F79EFBC}") = "03-AppendingEvents.Marten", "Workshops\IntroductionToEventSourcing\03-AppendingEvents.Marten\03-AppendingEvents.Marten.csproj", "{417390FB-96E6-4670-82D7-728347448EFC}"
EndProject
Project("{FAE04EC0-301F-11D3-BF4B-00C04F79EFBC}") = "04-AppendingEvents.EventStoreDB", "Workshops\IntroductionToEventSourcing\04-AppendingEvents.EventStoreDB\04-AppendingEvents.EventStoreDB.csproj", "{A8EEB6F6-F31D-4EA6-98CA-703F130135AA}"
EndProject
Project("{FAE04EC0-301F-11D3-BF4B-00C04F79EFBC}") = "05-GettingStateFromEvents.Marten", "Workshops\IntroductionToEventSourcing\05-GettingStateFromEvents.Marten\05-GettingStateFromEvents.Marten.csproj", "{9280E68D-44DB-494B-98E2-2680EC99920B}"
EndProject
Project("{FAE04EC0-301F-11D3-BF4B-00C04F79EFBC}") = "06-GettingStateFromEvents.EventStoreDB", "Workshops\IntroductionToEventSourcing\06-GettingStateFromEvents.EventStoreDB\06-GettingStateFromEvents.EventStoreDB.csproj", "{32056848-728E-4E75-B11B-4F8603AE44DF}"
EndProject
Project("{FAE04EC0-301F-11D3-BF4B-00C04F79EFBC}") = "07-BusinessLogic", "Workshops\IntroductionToEventSourcing\07-BusinessLogic\07-BusinessLogic.csproj", "{53C1ACC4-C9A8-4E1C-8B74-33B8B5B2BC71}"
EndProject
Project("{FAE04EC0-301F-11D3-BF4B-00C04F79EFBC}") = "07-BusinessLogic.Slimmed", "Workshops\IntroductionToEventSourcing\07-BusinessLogic.Slimmed\07-BusinessLogic.Slimmed.csproj", "{DAAB0A31-7A76-4DEB-B0E3-128DFB5E17D6}"
EndProject
Project("{FAE04EC0-301F-11D3-BF4B-00C04F79EFBC}") = "08-ApplicationLogic.Marten", "Workshops\IntroductionToEventSourcing\08-ApplicationLogic.Marten\08-ApplicationLogic.Marten.csproj", "{A333AB06-19DB-47EC-A027-6E0E8183695F}"
EndProject
Project("{FAE04EC0-301F-11D3-BF4B-00C04F79EFBC}") = "08-ApplicationLogic.Marten.Tests", "Workshops\IntroductionToEventSourcing\08-ApplicationLogic.Marten.Tests\08-ApplicationLogic.Marten.Tests.csproj", "{31A63176-B16F-425C-8518-C738CAF1D3CF}"
EndProject
Project("{FAE04EC0-301F-11D3-BF4B-00C04F79EFBC}") = "10-OptimisticConcurrency.Marten", "Workshops\IntroductionToEventSourcing\10-OptimisticConcurrency.Marten\10-OptimisticConcurrency.Marten.csproj", "{82E5CC1F-1DCB-4577-A39D-9407C1411213}"
EndProject
Project("{FAE04EC0-301F-11D3-BF4B-00C04F79EFBC}") = "10-OptimisticConcurrency.Marten.Tests", "Workshops\IntroductionToEventSourcing\10-OptimisticConcurrency.Marten.Tests\10-OptimisticConcurrency.Marten.Tests.csproj", "{4D39F51E-62F5-4A47-AA28-A8A1DB15CA18}"
EndProject
Project("{FAE04EC0-301F-11D3-BF4B-00C04F79EFBC}") = "11-OptimisticConcurrency.EventStoreDB", "Workshops\IntroductionToEventSourcing\11-OptimisticConcurrency.EventStoreDB\11-OptimisticConcurrency.EventStoreDB.csproj", "{8870AC5D-D0BB-461D-54AF-83B4CBBE6F48}"
EndProject
Project("{FAE04EC0-301F-11D3-BF4B-00C04F79EFBC}") = "11-OptimisticConcurrency.EventStoreDB.Tests", "Workshops\IntroductionToEventSourcing\11-OptimisticConcurrency.EventStoreDB.Tests\11-OptimisticConcurrency.EventStoreDB.Tests.csproj", "{7036EDB5-AFC5-4582-A1DA-A10EDA89943A}"
EndProject
Global
	GlobalSection(SolutionConfigurationPlatforms) = preSolution
		Debug|Any CPU = Debug|Any CPU
		Release|Any CPU = Release|Any CPU
	EndGlobalSection
	GlobalSection(ProjectConfigurationPlatforms) = postSolution
		{4A4A5885-C826-4485-AEE2-5D20DB8DD074}.Debug|Any CPU.ActiveCfg = Debug|Any CPU
		{4A4A5885-C826-4485-AEE2-5D20DB8DD074}.Debug|Any CPU.Build.0 = Debug|Any CPU
		{4A4A5885-C826-4485-AEE2-5D20DB8DD074}.Release|Any CPU.ActiveCfg = Release|Any CPU
		{4A4A5885-C826-4485-AEE2-5D20DB8DD074}.Release|Any CPU.Build.0 = Release|Any CPU
		{4F3650E5-3647-4403-A285-3ED6F6EF6E69}.Debug|Any CPU.ActiveCfg = Debug|Any CPU
		{4F3650E5-3647-4403-A285-3ED6F6EF6E69}.Debug|Any CPU.Build.0 = Debug|Any CPU
		{4F3650E5-3647-4403-A285-3ED6F6EF6E69}.Release|Any CPU.ActiveCfg = Release|Any CPU
		{4F3650E5-3647-4403-A285-3ED6F6EF6E69}.Release|Any CPU.Build.0 = Release|Any CPU
		{C4A5DE99-A081-4EF4-AE69-2D897E45EF0B}.Debug|Any CPU.ActiveCfg = Debug|Any CPU
		{C4A5DE99-A081-4EF4-AE69-2D897E45EF0B}.Debug|Any CPU.Build.0 = Debug|Any CPU
		{C4A5DE99-A081-4EF4-AE69-2D897E45EF0B}.Release|Any CPU.ActiveCfg = Release|Any CPU
		{C4A5DE99-A081-4EF4-AE69-2D897E45EF0B}.Release|Any CPU.Build.0 = Release|Any CPU
		{F5E67B17-7A35-4D47-8375-20ECDB9F332C}.Debug|Any CPU.ActiveCfg = Debug|Any CPU
		{F5E67B17-7A35-4D47-8375-20ECDB9F332C}.Debug|Any CPU.Build.0 = Debug|Any CPU
		{F5E67B17-7A35-4D47-8375-20ECDB9F332C}.Release|Any CPU.ActiveCfg = Release|Any CPU
		{F5E67B17-7A35-4D47-8375-20ECDB9F332C}.Release|Any CPU.Build.0 = Release|Any CPU
		{128EDA3E-BF4C-45F1-90F0-D363D7B81803}.Debug|Any CPU.ActiveCfg = Debug|Any CPU
		{128EDA3E-BF4C-45F1-90F0-D363D7B81803}.Debug|Any CPU.Build.0 = Debug|Any CPU
		{128EDA3E-BF4C-45F1-90F0-D363D7B81803}.Release|Any CPU.ActiveCfg = Release|Any CPU
		{128EDA3E-BF4C-45F1-90F0-D363D7B81803}.Release|Any CPU.Build.0 = Release|Any CPU
		{64D202DE-09F4-4A39-BB2C-9BDEBF07CEAA}.Debug|Any CPU.ActiveCfg = Debug|Any CPU
		{64D202DE-09F4-4A39-BB2C-9BDEBF07CEAA}.Debug|Any CPU.Build.0 = Debug|Any CPU
		{64D202DE-09F4-4A39-BB2C-9BDEBF07CEAA}.Release|Any CPU.ActiveCfg = Release|Any CPU
		{64D202DE-09F4-4A39-BB2C-9BDEBF07CEAA}.Release|Any CPU.Build.0 = Release|Any CPU
		{5C3E950F-B96A-4D2C-8249-6F080D025313}.Debug|Any CPU.ActiveCfg = Debug|Any CPU
		{5C3E950F-B96A-4D2C-8249-6F080D025313}.Debug|Any CPU.Build.0 = Debug|Any CPU
		{5C3E950F-B96A-4D2C-8249-6F080D025313}.Release|Any CPU.ActiveCfg = Release|Any CPU
		{5C3E950F-B96A-4D2C-8249-6F080D025313}.Release|Any CPU.Build.0 = Release|Any CPU
		{1759C1DF-248F-0900-B0AC-A648D7DA814A}.Debug|Any CPU.ActiveCfg = Debug|Any CPU
		{1759C1DF-248F-0900-B0AC-A648D7DA814A}.Debug|Any CPU.Build.0 = Debug|Any CPU
		{1759C1DF-248F-0900-B0AC-A648D7DA814A}.Release|Any CPU.ActiveCfg = Release|Any CPU
		{1759C1DF-248F-0900-B0AC-A648D7DA814A}.Release|Any CPU.Build.0 = Release|Any CPU
		{9B9BDB95-BCB1-4C8E-8FC0-B2A82B6D87AC}.Debug|Any CPU.ActiveCfg = Debug|Any CPU
		{9B9BDB95-BCB1-4C8E-8FC0-B2A82B6D87AC}.Debug|Any CPU.Build.0 = Debug|Any CPU
		{9B9BDB95-BCB1-4C8E-8FC0-B2A82B6D87AC}.Release|Any CPU.ActiveCfg = Release|Any CPU
		{9B9BDB95-BCB1-4C8E-8FC0-B2A82B6D87AC}.Release|Any CPU.Build.0 = Release|Any CPU
		{793FF648-61E2-4C5B-8C25-2A47C4FFDBFD}.Debug|Any CPU.ActiveCfg = Debug|Any CPU
		{793FF648-61E2-4C5B-8C25-2A47C4FFDBFD}.Debug|Any CPU.Build.0 = Debug|Any CPU
		{793FF648-61E2-4C5B-8C25-2A47C4FFDBFD}.Release|Any CPU.ActiveCfg = Release|Any CPU
		{793FF648-61E2-4C5B-8C25-2A47C4FFDBFD}.Release|Any CPU.Build.0 = Release|Any CPU
		{EF70D409-6F82-44AE-B30F-7FFA1CE0BEE8}.Debug|Any CPU.ActiveCfg = Debug|Any CPU
		{EF70D409-6F82-44AE-B30F-7FFA1CE0BEE8}.Debug|Any CPU.Build.0 = Debug|Any CPU
		{EF70D409-6F82-44AE-B30F-7FFA1CE0BEE8}.Release|Any CPU.ActiveCfg = Release|Any CPU
		{EF70D409-6F82-44AE-B30F-7FFA1CE0BEE8}.Release|Any CPU.Build.0 = Release|Any CPU
		{D4CE7AA8-D7FF-475B-B287-264565D5044D}.Debug|Any CPU.ActiveCfg = Debug|Any CPU
		{D4CE7AA8-D7FF-475B-B287-264565D5044D}.Debug|Any CPU.Build.0 = Debug|Any CPU
		{D4CE7AA8-D7FF-475B-B287-264565D5044D}.Release|Any CPU.ActiveCfg = Release|Any CPU
		{D4CE7AA8-D7FF-475B-B287-264565D5044D}.Release|Any CPU.Build.0 = Release|Any CPU
		{42EC9941-0FFB-4C78-93A2-8E63996DCA7F}.Debug|Any CPU.ActiveCfg = Debug|Any CPU
		{42EC9941-0FFB-4C78-93A2-8E63996DCA7F}.Debug|Any CPU.Build.0 = Debug|Any CPU
		{42EC9941-0FFB-4C78-93A2-8E63996DCA7F}.Release|Any CPU.ActiveCfg = Release|Any CPU
		{42EC9941-0FFB-4C78-93A2-8E63996DCA7F}.Release|Any CPU.Build.0 = Release|Any CPU
		{1215EED3-F2A2-4783-B296-4CDF26D5C03E}.Debug|Any CPU.ActiveCfg = Debug|Any CPU
		{1215EED3-F2A2-4783-B296-4CDF26D5C03E}.Debug|Any CPU.Build.0 = Debug|Any CPU
		{1215EED3-F2A2-4783-B296-4CDF26D5C03E}.Release|Any CPU.ActiveCfg = Release|Any CPU
		{1215EED3-F2A2-4783-B296-4CDF26D5C03E}.Release|Any CPU.Build.0 = Release|Any CPU
		{92B96951-7EAF-4AD3-9BEA-D7B6319832DB}.Debug|Any CPU.ActiveCfg = Debug|Any CPU
		{92B96951-7EAF-4AD3-9BEA-D7B6319832DB}.Debug|Any CPU.Build.0 = Debug|Any CPU
		{92B96951-7EAF-4AD3-9BEA-D7B6319832DB}.Release|Any CPU.ActiveCfg = Release|Any CPU
		{92B96951-7EAF-4AD3-9BEA-D7B6319832DB}.Release|Any CPU.Build.0 = Release|Any CPU
		{917EFFE3-5A3A-4F3E-B9A9-C741D800DF97}.Debug|Any CPU.ActiveCfg = Debug|Any CPU
		{917EFFE3-5A3A-4F3E-B9A9-C741D800DF97}.Debug|Any CPU.Build.0 = Debug|Any CPU
		{917EFFE3-5A3A-4F3E-B9A9-C741D800DF97}.Release|Any CPU.ActiveCfg = Release|Any CPU
		{917EFFE3-5A3A-4F3E-B9A9-C741D800DF97}.Release|Any CPU.Build.0 = Release|Any CPU
		{24A73209-17F4-401B-9C89-59C0EDE3C571}.Debug|Any CPU.ActiveCfg = Debug|Any CPU
		{24A73209-17F4-401B-9C89-59C0EDE3C571}.Debug|Any CPU.Build.0 = Debug|Any CPU
		{24A73209-17F4-401B-9C89-59C0EDE3C571}.Release|Any CPU.ActiveCfg = Release|Any CPU
		{24A73209-17F4-401B-9C89-59C0EDE3C571}.Release|Any CPU.Build.0 = Release|Any CPU
		{B5EE4A5F-00EE-4E14-907C-55265C02137D}.Debug|Any CPU.ActiveCfg = Debug|Any CPU
		{B5EE4A5F-00EE-4E14-907C-55265C02137D}.Debug|Any CPU.Build.0 = Debug|Any CPU
		{B5EE4A5F-00EE-4E14-907C-55265C02137D}.Release|Any CPU.ActiveCfg = Release|Any CPU
		{B5EE4A5F-00EE-4E14-907C-55265C02137D}.Release|Any CPU.Build.0 = Release|Any CPU
		{275EFFCF-3E9B-4D61-8E5A-D46CD1C1EC69}.Debug|Any CPU.ActiveCfg = Debug|Any CPU
		{275EFFCF-3E9B-4D61-8E5A-D46CD1C1EC69}.Debug|Any CPU.Build.0 = Debug|Any CPU
		{275EFFCF-3E9B-4D61-8E5A-D46CD1C1EC69}.Release|Any CPU.ActiveCfg = Release|Any CPU
		{275EFFCF-3E9B-4D61-8E5A-D46CD1C1EC69}.Release|Any CPU.Build.0 = Release|Any CPU
		{9A993C39-F396-4EB0-ABE7-13F2A97A9BBE}.Debug|Any CPU.ActiveCfg = Debug|Any CPU
		{9A993C39-F396-4EB0-ABE7-13F2A97A9BBE}.Debug|Any CPU.Build.0 = Debug|Any CPU
		{9A993C39-F396-4EB0-ABE7-13F2A97A9BBE}.Release|Any CPU.ActiveCfg = Release|Any CPU
		{9A993C39-F396-4EB0-ABE7-13F2A97A9BBE}.Release|Any CPU.Build.0 = Release|Any CPU
		{7877DEAE-280C-4B4E-85C2-D259AB325050}.Debug|Any CPU.ActiveCfg = Debug|Any CPU
		{7877DEAE-280C-4B4E-85C2-D259AB325050}.Debug|Any CPU.Build.0 = Debug|Any CPU
		{7877DEAE-280C-4B4E-85C2-D259AB325050}.Release|Any CPU.ActiveCfg = Release|Any CPU
		{7877DEAE-280C-4B4E-85C2-D259AB325050}.Release|Any CPU.Build.0 = Release|Any CPU
		{BF9636A1-5AC9-4DC9-89F2-664B0C267932}.Debug|Any CPU.ActiveCfg = Debug|Any CPU
		{BF9636A1-5AC9-4DC9-89F2-664B0C267932}.Debug|Any CPU.Build.0 = Debug|Any CPU
		{BF9636A1-5AC9-4DC9-89F2-664B0C267932}.Release|Any CPU.ActiveCfg = Release|Any CPU
		{BF9636A1-5AC9-4DC9-89F2-664B0C267932}.Release|Any CPU.Build.0 = Release|Any CPU
		{36FA6640-C153-42DE-9CF6-1C698EA13E4A}.Debug|Any CPU.ActiveCfg = Debug|Any CPU
		{36FA6640-C153-42DE-9CF6-1C698EA13E4A}.Debug|Any CPU.Build.0 = Debug|Any CPU
		{36FA6640-C153-42DE-9CF6-1C698EA13E4A}.Release|Any CPU.ActiveCfg = Release|Any CPU
		{36FA6640-C153-42DE-9CF6-1C698EA13E4A}.Release|Any CPU.Build.0 = Release|Any CPU
		{AEF8361F-0006-47CD-89CA-31344BEC9169}.Debug|Any CPU.ActiveCfg = Debug|Any CPU
		{AEF8361F-0006-47CD-89CA-31344BEC9169}.Debug|Any CPU.Build.0 = Debug|Any CPU
		{AEF8361F-0006-47CD-89CA-31344BEC9169}.Release|Any CPU.ActiveCfg = Release|Any CPU
		{AEF8361F-0006-47CD-89CA-31344BEC9169}.Release|Any CPU.Build.0 = Release|Any CPU
		{B18EB698-FE5E-4D64-9442-FA3ADE0A0518}.Debug|Any CPU.ActiveCfg = Debug|Any CPU
		{B18EB698-FE5E-4D64-9442-FA3ADE0A0518}.Debug|Any CPU.Build.0 = Debug|Any CPU
		{B18EB698-FE5E-4D64-9442-FA3ADE0A0518}.Release|Any CPU.ActiveCfg = Release|Any CPU
		{B18EB698-FE5E-4D64-9442-FA3ADE0A0518}.Release|Any CPU.Build.0 = Release|Any CPU
		{02754851-3D79-4421-8C4B-EE78C44CB843}.Debug|Any CPU.ActiveCfg = Debug|Any CPU
		{02754851-3D79-4421-8C4B-EE78C44CB843}.Debug|Any CPU.Build.0 = Debug|Any CPU
		{02754851-3D79-4421-8C4B-EE78C44CB843}.Release|Any CPU.ActiveCfg = Release|Any CPU
		{02754851-3D79-4421-8C4B-EE78C44CB843}.Release|Any CPU.Build.0 = Release|Any CPU
		{90A47340-F365-43E0-B365-367DFDE9C5A1}.Debug|Any CPU.ActiveCfg = Debug|Any CPU
		{90A47340-F365-43E0-B365-367DFDE9C5A1}.Debug|Any CPU.Build.0 = Debug|Any CPU
		{90A47340-F365-43E0-B365-367DFDE9C5A1}.Release|Any CPU.ActiveCfg = Release|Any CPU
		{90A47340-F365-43E0-B365-367DFDE9C5A1}.Release|Any CPU.Build.0 = Release|Any CPU
		{378CB534-C445-40CD-AF30-6C1964786D63}.Debug|Any CPU.ActiveCfg = Debug|Any CPU
		{378CB534-C445-40CD-AF30-6C1964786D63}.Debug|Any CPU.Build.0 = Debug|Any CPU
		{378CB534-C445-40CD-AF30-6C1964786D63}.Release|Any CPU.ActiveCfg = Release|Any CPU
		{378CB534-C445-40CD-AF30-6C1964786D63}.Release|Any CPU.Build.0 = Release|Any CPU
		{B43EBBEC-589C-4648-8156-4878BCD8842F}.Debug|Any CPU.ActiveCfg = Debug|Any CPU
		{B43EBBEC-589C-4648-8156-4878BCD8842F}.Debug|Any CPU.Build.0 = Debug|Any CPU
		{B43EBBEC-589C-4648-8156-4878BCD8842F}.Release|Any CPU.ActiveCfg = Release|Any CPU
		{B43EBBEC-589C-4648-8156-4878BCD8842F}.Release|Any CPU.Build.0 = Release|Any CPU
		{9AE9D160-759C-4994-B5EE-FFD1BA8570D3}.Debug|Any CPU.ActiveCfg = Debug|Any CPU
		{9AE9D160-759C-4994-B5EE-FFD1BA8570D3}.Debug|Any CPU.Build.0 = Debug|Any CPU
		{9AE9D160-759C-4994-B5EE-FFD1BA8570D3}.Release|Any CPU.ActiveCfg = Release|Any CPU
		{9AE9D160-759C-4994-B5EE-FFD1BA8570D3}.Release|Any CPU.Build.0 = Release|Any CPU
		{BDFCBBDE-FA7F-4B82-3401-266C7D08F03A}.Debug|Any CPU.ActiveCfg = Debug|Any CPU
		{BDFCBBDE-FA7F-4B82-3401-266C7D08F03A}.Debug|Any CPU.Build.0 = Debug|Any CPU
		{BDFCBBDE-FA7F-4B82-3401-266C7D08F03A}.Release|Any CPU.ActiveCfg = Release|Any CPU
		{BDFCBBDE-FA7F-4B82-3401-266C7D08F03A}.Release|Any CPU.Build.0 = Release|Any CPU
		{5C1DE755-949B-4255-A67A-ACB11A39D926}.Debug|Any CPU.ActiveCfg = Debug|Any CPU
		{5C1DE755-949B-4255-A67A-ACB11A39D926}.Debug|Any CPU.Build.0 = Debug|Any CPU
		{5C1DE755-949B-4255-A67A-ACB11A39D926}.Release|Any CPU.ActiveCfg = Release|Any CPU
		{5C1DE755-949B-4255-A67A-ACB11A39D926}.Release|Any CPU.Build.0 = Release|Any CPU
		{EBABD5BC-4047-4AEE-85AB-381ED4AD8B89}.Debug|Any CPU.ActiveCfg = Debug|Any CPU
		{EBABD5BC-4047-4AEE-85AB-381ED4AD8B89}.Debug|Any CPU.Build.0 = Debug|Any CPU
		{EBABD5BC-4047-4AEE-85AB-381ED4AD8B89}.Release|Any CPU.ActiveCfg = Release|Any CPU
		{EBABD5BC-4047-4AEE-85AB-381ED4AD8B89}.Release|Any CPU.Build.0 = Release|Any CPU
		{50ED23DD-CC2F-45A3-A77A-B6DEB1622D95}.Debug|Any CPU.ActiveCfg = Debug|Any CPU
		{50ED23DD-CC2F-45A3-A77A-B6DEB1622D95}.Debug|Any CPU.Build.0 = Debug|Any CPU
		{50ED23DD-CC2F-45A3-A77A-B6DEB1622D95}.Release|Any CPU.ActiveCfg = Release|Any CPU
		{50ED23DD-CC2F-45A3-A77A-B6DEB1622D95}.Release|Any CPU.Build.0 = Release|Any CPU
		{ACB0582F-FCEF-496E-A90A-E54B6E880BEE}.Debug|Any CPU.ActiveCfg = Debug|Any CPU
		{ACB0582F-FCEF-496E-A90A-E54B6E880BEE}.Debug|Any CPU.Build.0 = Debug|Any CPU
		{ACB0582F-FCEF-496E-A90A-E54B6E880BEE}.Release|Any CPU.ActiveCfg = Release|Any CPU
		{ACB0582F-FCEF-496E-A90A-E54B6E880BEE}.Release|Any CPU.Build.0 = Release|Any CPU
		{008D711A-0E67-4D22-8684-6C8CDBABD831}.Debug|Any CPU.ActiveCfg = Debug|Any CPU
		{008D711A-0E67-4D22-8684-6C8CDBABD831}.Debug|Any CPU.Build.0 = Debug|Any CPU
		{008D711A-0E67-4D22-8684-6C8CDBABD831}.Release|Any CPU.ActiveCfg = Release|Any CPU
		{008D711A-0E67-4D22-8684-6C8CDBABD831}.Release|Any CPU.Build.0 = Release|Any CPU
		{55A3282F-FA88-484C-8FB7-AD3F8E70C6A2}.Debug|Any CPU.ActiveCfg = Debug|Any CPU
		{55A3282F-FA88-484C-8FB7-AD3F8E70C6A2}.Debug|Any CPU.Build.0 = Debug|Any CPU
		{55A3282F-FA88-484C-8FB7-AD3F8E70C6A2}.Release|Any CPU.ActiveCfg = Release|Any CPU
		{55A3282F-FA88-484C-8FB7-AD3F8E70C6A2}.Release|Any CPU.Build.0 = Release|Any CPU
		{6FD1D0E3-3981-458E-AED4-FE6A5D272DAE}.Debug|Any CPU.ActiveCfg = Debug|Any CPU
		{6FD1D0E3-3981-458E-AED4-FE6A5D272DAE}.Debug|Any CPU.Build.0 = Debug|Any CPU
		{6FD1D0E3-3981-458E-AED4-FE6A5D272DAE}.Release|Any CPU.ActiveCfg = Release|Any CPU
		{6FD1D0E3-3981-458E-AED4-FE6A5D272DAE}.Release|Any CPU.Build.0 = Release|Any CPU
		{913C9987-3266-4381-8279-AC36E6B71CBA}.Debug|Any CPU.ActiveCfg = Debug|Any CPU
		{913C9987-3266-4381-8279-AC36E6B71CBA}.Debug|Any CPU.Build.0 = Debug|Any CPU
		{913C9987-3266-4381-8279-AC36E6B71CBA}.Release|Any CPU.ActiveCfg = Release|Any CPU
		{913C9987-3266-4381-8279-AC36E6B71CBA}.Release|Any CPU.Build.0 = Release|Any CPU
		{2FD54F4F-5FDD-4694-A653-3BBCE3ECB6BF}.Debug|Any CPU.ActiveCfg = Debug|Any CPU
		{2FD54F4F-5FDD-4694-A653-3BBCE3ECB6BF}.Debug|Any CPU.Build.0 = Debug|Any CPU
		{2FD54F4F-5FDD-4694-A653-3BBCE3ECB6BF}.Release|Any CPU.ActiveCfg = Release|Any CPU
		{2FD54F4F-5FDD-4694-A653-3BBCE3ECB6BF}.Release|Any CPU.Build.0 = Release|Any CPU
		{0E410D64-04CE-483C-BEBE-B415CD81428D}.Debug|Any CPU.ActiveCfg = Debug|Any CPU
		{0E410D64-04CE-483C-BEBE-B415CD81428D}.Debug|Any CPU.Build.0 = Debug|Any CPU
		{0E410D64-04CE-483C-BEBE-B415CD81428D}.Release|Any CPU.ActiveCfg = Release|Any CPU
		{0E410D64-04CE-483C-BEBE-B415CD81428D}.Release|Any CPU.Build.0 = Release|Any CPU
		{D103D8F3-A8DF-4F0C-B247-9CE21E3A6A4D}.Debug|Any CPU.ActiveCfg = Debug|Any CPU
		{D103D8F3-A8DF-4F0C-B247-9CE21E3A6A4D}.Debug|Any CPU.Build.0 = Debug|Any CPU
		{D103D8F3-A8DF-4F0C-B247-9CE21E3A6A4D}.Release|Any CPU.ActiveCfg = Release|Any CPU
		{D103D8F3-A8DF-4F0C-B247-9CE21E3A6A4D}.Release|Any CPU.Build.0 = Release|Any CPU
		{8FB884C0-8C50-4519-89BA-CA39BD2CB15B}.Debug|Any CPU.ActiveCfg = Debug|Any CPU
		{8FB884C0-8C50-4519-89BA-CA39BD2CB15B}.Debug|Any CPU.Build.0 = Debug|Any CPU
		{8FB884C0-8C50-4519-89BA-CA39BD2CB15B}.Release|Any CPU.ActiveCfg = Release|Any CPU
		{8FB884C0-8C50-4519-89BA-CA39BD2CB15B}.Release|Any CPU.Build.0 = Release|Any CPU
		{5B664A49-34C5-4689-A35E-AC4670E64080}.Debug|Any CPU.ActiveCfg = Debug|Any CPU
		{5B664A49-34C5-4689-A35E-AC4670E64080}.Debug|Any CPU.Build.0 = Debug|Any CPU
		{5B664A49-34C5-4689-A35E-AC4670E64080}.Release|Any CPU.ActiveCfg = Release|Any CPU
		{5B664A49-34C5-4689-A35E-AC4670E64080}.Release|Any CPU.Build.0 = Release|Any CPU
		{F32B2302-2813-465E-80C4-422F792BD740}.Debug|Any CPU.ActiveCfg = Debug|Any CPU
		{F32B2302-2813-465E-80C4-422F792BD740}.Debug|Any CPU.Build.0 = Debug|Any CPU
		{F32B2302-2813-465E-80C4-422F792BD740}.Release|Any CPU.ActiveCfg = Release|Any CPU
		{F32B2302-2813-465E-80C4-422F792BD740}.Release|Any CPU.Build.0 = Release|Any CPU
		{9B84794F-8C18-4264-8C1B-F2509F8961A0}.Debug|Any CPU.ActiveCfg = Debug|Any CPU
		{9B84794F-8C18-4264-8C1B-F2509F8961A0}.Debug|Any CPU.Build.0 = Debug|Any CPU
		{9B84794F-8C18-4264-8C1B-F2509F8961A0}.Release|Any CPU.ActiveCfg = Release|Any CPU
		{9B84794F-8C18-4264-8C1B-F2509F8961A0}.Release|Any CPU.Build.0 = Release|Any CPU
		{1D86FDF7-59DF-418D-BAD0-8B6799926A78}.Debug|Any CPU.ActiveCfg = Debug|Any CPU
		{1D86FDF7-59DF-418D-BAD0-8B6799926A78}.Debug|Any CPU.Build.0 = Debug|Any CPU
		{1D86FDF7-59DF-418D-BAD0-8B6799926A78}.Release|Any CPU.ActiveCfg = Release|Any CPU
		{1D86FDF7-59DF-418D-BAD0-8B6799926A78}.Release|Any CPU.Build.0 = Release|Any CPU
		{DF675725-74A4-43BC-BAA0-D655DE1DE47A}.Debug|Any CPU.ActiveCfg = Debug|Any CPU
		{DF675725-74A4-43BC-BAA0-D655DE1DE47A}.Debug|Any CPU.Build.0 = Debug|Any CPU
		{DF675725-74A4-43BC-BAA0-D655DE1DE47A}.Release|Any CPU.ActiveCfg = Release|Any CPU
		{DF675725-74A4-43BC-BAA0-D655DE1DE47A}.Release|Any CPU.Build.0 = Release|Any CPU
		{478E478F-8AFE-4ED8-8353-8C989B8E01DC}.Debug|Any CPU.ActiveCfg = Debug|Any CPU
		{478E478F-8AFE-4ED8-8353-8C989B8E01DC}.Debug|Any CPU.Build.0 = Debug|Any CPU
		{478E478F-8AFE-4ED8-8353-8C989B8E01DC}.Release|Any CPU.ActiveCfg = Release|Any CPU
		{478E478F-8AFE-4ED8-8353-8C989B8E01DC}.Release|Any CPU.Build.0 = Release|Any CPU
		{370F52FB-50AC-4AD0-B98A-50C16FC0C4F0}.Debug|Any CPU.ActiveCfg = Debug|Any CPU
		{370F52FB-50AC-4AD0-B98A-50C16FC0C4F0}.Debug|Any CPU.Build.0 = Debug|Any CPU
		{370F52FB-50AC-4AD0-B98A-50C16FC0C4F0}.Release|Any CPU.ActiveCfg = Release|Any CPU
		{370F52FB-50AC-4AD0-B98A-50C16FC0C4F0}.Release|Any CPU.Build.0 = Release|Any CPU
		{F5B2F2AD-4AE6-4AB6-8A5F-E5CA0A3727DE}.Debug|Any CPU.ActiveCfg = Debug|Any CPU
		{F5B2F2AD-4AE6-4AB6-8A5F-E5CA0A3727DE}.Debug|Any CPU.Build.0 = Debug|Any CPU
		{F5B2F2AD-4AE6-4AB6-8A5F-E5CA0A3727DE}.Release|Any CPU.ActiveCfg = Release|Any CPU
		{F5B2F2AD-4AE6-4AB6-8A5F-E5CA0A3727DE}.Release|Any CPU.Build.0 = Release|Any CPU
		{B86DB204-F9F0-4AF8-A113-C3E683A4F5A9}.Debug|Any CPU.ActiveCfg = Debug|Any CPU
		{B86DB204-F9F0-4AF8-A113-C3E683A4F5A9}.Debug|Any CPU.Build.0 = Debug|Any CPU
		{B86DB204-F9F0-4AF8-A113-C3E683A4F5A9}.Release|Any CPU.ActiveCfg = Release|Any CPU
		{B86DB204-F9F0-4AF8-A113-C3E683A4F5A9}.Release|Any CPU.Build.0 = Release|Any CPU
		{C1A2F9EA-6689-44B3-B463-E465E4439A28}.Debug|Any CPU.ActiveCfg = Debug|Any CPU
		{C1A2F9EA-6689-44B3-B463-E465E4439A28}.Debug|Any CPU.Build.0 = Debug|Any CPU
		{C1A2F9EA-6689-44B3-B463-E465E4439A28}.Release|Any CPU.ActiveCfg = Release|Any CPU
		{C1A2F9EA-6689-44B3-B463-E465E4439A28}.Release|Any CPU.Build.0 = Release|Any CPU
		{97C07A6C-0ADE-4897-9D7B-E63F375DFECA}.Debug|Any CPU.ActiveCfg = Debug|Any CPU
		{97C07A6C-0ADE-4897-9D7B-E63F375DFECA}.Debug|Any CPU.Build.0 = Debug|Any CPU
		{97C07A6C-0ADE-4897-9D7B-E63F375DFECA}.Release|Any CPU.ActiveCfg = Release|Any CPU
		{97C07A6C-0ADE-4897-9D7B-E63F375DFECA}.Release|Any CPU.Build.0 = Release|Any CPU
		{F99D9C65-314B-4FBF-9140-01133F67D1D3}.Debug|Any CPU.ActiveCfg = Debug|Any CPU
		{F99D9C65-314B-4FBF-9140-01133F67D1D3}.Debug|Any CPU.Build.0 = Debug|Any CPU
		{F99D9C65-314B-4FBF-9140-01133F67D1D3}.Release|Any CPU.ActiveCfg = Release|Any CPU
		{F99D9C65-314B-4FBF-9140-01133F67D1D3}.Release|Any CPU.Build.0 = Release|Any CPU
		{7F2ED8A7-C99F-41F9-9F1E-F9E56A425A16}.Debug|Any CPU.ActiveCfg = Debug|Any CPU
		{7F2ED8A7-C99F-41F9-9F1E-F9E56A425A16}.Debug|Any CPU.Build.0 = Debug|Any CPU
		{7F2ED8A7-C99F-41F9-9F1E-F9E56A425A16}.Release|Any CPU.ActiveCfg = Release|Any CPU
		{7F2ED8A7-C99F-41F9-9F1E-F9E56A425A16}.Release|Any CPU.Build.0 = Release|Any CPU
		{BB8CB0E5-EE86-43D0-B70B-A1961166AFCF}.Debug|Any CPU.ActiveCfg = Debug|Any CPU
		{BB8CB0E5-EE86-43D0-B70B-A1961166AFCF}.Debug|Any CPU.Build.0 = Debug|Any CPU
		{BB8CB0E5-EE86-43D0-B70B-A1961166AFCF}.Release|Any CPU.ActiveCfg = Release|Any CPU
		{BB8CB0E5-EE86-43D0-B70B-A1961166AFCF}.Release|Any CPU.Build.0 = Release|Any CPU
		{EE649E58-087F-42EE-AA55-FC493D235772}.Debug|Any CPU.ActiveCfg = Debug|Any CPU
		{EE649E58-087F-42EE-AA55-FC493D235772}.Debug|Any CPU.Build.0 = Debug|Any CPU
		{EE649E58-087F-42EE-AA55-FC493D235772}.Release|Any CPU.ActiveCfg = Release|Any CPU
		{EE649E58-087F-42EE-AA55-FC493D235772}.Release|Any CPU.Build.0 = Release|Any CPU
		{C0DF17B9-E12C-487A-A2F3-D79DA90BE567}.Debug|Any CPU.ActiveCfg = Debug|Any CPU
		{C0DF17B9-E12C-487A-A2F3-D79DA90BE567}.Debug|Any CPU.Build.0 = Debug|Any CPU
		{C0DF17B9-E12C-487A-A2F3-D79DA90BE567}.Release|Any CPU.ActiveCfg = Release|Any CPU
		{C0DF17B9-E12C-487A-A2F3-D79DA90BE567}.Release|Any CPU.Build.0 = Release|Any CPU
		{9B64B7DA-CB09-4FF5-83B2-54C64ABFB485}.Debug|Any CPU.ActiveCfg = Debug|Any CPU
		{9B64B7DA-CB09-4FF5-83B2-54C64ABFB485}.Debug|Any CPU.Build.0 = Debug|Any CPU
		{9B64B7DA-CB09-4FF5-83B2-54C64ABFB485}.Release|Any CPU.ActiveCfg = Release|Any CPU
		{9B64B7DA-CB09-4FF5-83B2-54C64ABFB485}.Release|Any CPU.Build.0 = Release|Any CPU
		{53E8B1C9-523E-45B5-9A0D-5FB7F044FF0C}.Debug|Any CPU.ActiveCfg = Debug|Any CPU
		{53E8B1C9-523E-45B5-9A0D-5FB7F044FF0C}.Debug|Any CPU.Build.0 = Debug|Any CPU
		{53E8B1C9-523E-45B5-9A0D-5FB7F044FF0C}.Release|Any CPU.ActiveCfg = Release|Any CPU
		{53E8B1C9-523E-45B5-9A0D-5FB7F044FF0C}.Release|Any CPU.Build.0 = Release|Any CPU
		{7822FCC8-E1A8-4D84-A034-B7B6717DEAFA}.Debug|Any CPU.ActiveCfg = Debug|Any CPU
		{7822FCC8-E1A8-4D84-A034-B7B6717DEAFA}.Debug|Any CPU.Build.0 = Debug|Any CPU
		{7822FCC8-E1A8-4D84-A034-B7B6717DEAFA}.Release|Any CPU.ActiveCfg = Release|Any CPU
		{7822FCC8-E1A8-4D84-A034-B7B6717DEAFA}.Release|Any CPU.Build.0 = Release|Any CPU
		{5431EC6C-A0E1-4590-9E7E-4012E12867A0}.Debug|Any CPU.ActiveCfg = Debug|Any CPU
		{5431EC6C-A0E1-4590-9E7E-4012E12867A0}.Debug|Any CPU.Build.0 = Debug|Any CPU
		{5431EC6C-A0E1-4590-9E7E-4012E12867A0}.Release|Any CPU.ActiveCfg = Release|Any CPU
		{5431EC6C-A0E1-4590-9E7E-4012E12867A0}.Release|Any CPU.Build.0 = Release|Any CPU
		{B6C69F6C-BBDB-4109-9CBE-46ED59E1F06D}.Debug|Any CPU.ActiveCfg = Debug|Any CPU
		{B6C69F6C-BBDB-4109-9CBE-46ED59E1F06D}.Debug|Any CPU.Build.0 = Debug|Any CPU
		{B6C69F6C-BBDB-4109-9CBE-46ED59E1F06D}.Release|Any CPU.ActiveCfg = Release|Any CPU
		{B6C69F6C-BBDB-4109-9CBE-46ED59E1F06D}.Release|Any CPU.Build.0 = Release|Any CPU
		{784E8C3E-A739-477E-9458-15FC0C029E45}.Debug|Any CPU.ActiveCfg = Debug|Any CPU
		{784E8C3E-A739-477E-9458-15FC0C029E45}.Debug|Any CPU.Build.0 = Debug|Any CPU
		{784E8C3E-A739-477E-9458-15FC0C029E45}.Release|Any CPU.ActiveCfg = Release|Any CPU
		{784E8C3E-A739-477E-9458-15FC0C029E45}.Release|Any CPU.Build.0 = Release|Any CPU
		{546D48D3-94C0-43ED-87A4-71878F83CE45}.Debug|Any CPU.ActiveCfg = Debug|Any CPU
		{546D48D3-94C0-43ED-87A4-71878F83CE45}.Debug|Any CPU.Build.0 = Debug|Any CPU
		{546D48D3-94C0-43ED-87A4-71878F83CE45}.Release|Any CPU.ActiveCfg = Release|Any CPU
		{546D48D3-94C0-43ED-87A4-71878F83CE45}.Release|Any CPU.Build.0 = Release|Any CPU
		{A569A0C7-994F-4895-BA3D-D32E27ACAE4E}.Debug|Any CPU.ActiveCfg = Debug|Any CPU
		{A569A0C7-994F-4895-BA3D-D32E27ACAE4E}.Debug|Any CPU.Build.0 = Debug|Any CPU
		{A569A0C7-994F-4895-BA3D-D32E27ACAE4E}.Release|Any CPU.ActiveCfg = Release|Any CPU
		{A569A0C7-994F-4895-BA3D-D32E27ACAE4E}.Release|Any CPU.Build.0 = Release|Any CPU
		{3ACAE672-F6C9-4956-8759-633A137CCD11}.Debug|Any CPU.ActiveCfg = Debug|Any CPU
		{3ACAE672-F6C9-4956-8759-633A137CCD11}.Debug|Any CPU.Build.0 = Debug|Any CPU
		{3ACAE672-F6C9-4956-8759-633A137CCD11}.Release|Any CPU.ActiveCfg = Release|Any CPU
		{3ACAE672-F6C9-4956-8759-633A137CCD11}.Release|Any CPU.Build.0 = Release|Any CPU
		{723897C4-AF01-4581-83D2-92256CD9D0CF}.Debug|Any CPU.ActiveCfg = Debug|Any CPU
		{723897C4-AF01-4581-83D2-92256CD9D0CF}.Debug|Any CPU.Build.0 = Debug|Any CPU
		{723897C4-AF01-4581-83D2-92256CD9D0CF}.Release|Any CPU.ActiveCfg = Release|Any CPU
		{723897C4-AF01-4581-83D2-92256CD9D0CF}.Release|Any CPU.Build.0 = Release|Any CPU
		{3CA85F29-F5D5-4B21-BA11-E54E7D1FEBF8}.Debug|Any CPU.ActiveCfg = Debug|Any CPU
		{3CA85F29-F5D5-4B21-BA11-E54E7D1FEBF8}.Debug|Any CPU.Build.0 = Debug|Any CPU
		{3CA85F29-F5D5-4B21-BA11-E54E7D1FEBF8}.Release|Any CPU.ActiveCfg = Release|Any CPU
		{3CA85F29-F5D5-4B21-BA11-E54E7D1FEBF8}.Release|Any CPU.Build.0 = Release|Any CPU
		{A04DF739-2108-69B8-D60D-D3D42FF85936}.Debug|Any CPU.ActiveCfg = Debug|Any CPU
		{A04DF739-2108-69B8-D60D-D3D42FF85936}.Debug|Any CPU.Build.0 = Debug|Any CPU
		{A04DF739-2108-69B8-D60D-D3D42FF85936}.Release|Any CPU.ActiveCfg = Release|Any CPU
		{A04DF739-2108-69B8-D60D-D3D42FF85936}.Release|Any CPU.Build.0 = Release|Any CPU
		{F810044C-133A-4D67-B5D0-7A83973D49B0}.Debug|Any CPU.ActiveCfg = Debug|Any CPU
		{F810044C-133A-4D67-B5D0-7A83973D49B0}.Debug|Any CPU.Build.0 = Debug|Any CPU
		{F810044C-133A-4D67-B5D0-7A83973D49B0}.Release|Any CPU.ActiveCfg = Release|Any CPU
		{F810044C-133A-4D67-B5D0-7A83973D49B0}.Release|Any CPU.Build.0 = Release|Any CPU
		{5287E685-5320-42E8-B65D-0764D76F08D2}.Debug|Any CPU.ActiveCfg = Debug|Any CPU
		{5287E685-5320-42E8-B65D-0764D76F08D2}.Debug|Any CPU.Build.0 = Debug|Any CPU
		{5287E685-5320-42E8-B65D-0764D76F08D2}.Release|Any CPU.ActiveCfg = Release|Any CPU
		{5287E685-5320-42E8-B65D-0764D76F08D2}.Release|Any CPU.Build.0 = Release|Any CPU
		{EB3F0627-A564-410C-BAB6-61FE73FC3B67}.Debug|Any CPU.ActiveCfg = Debug|Any CPU
		{EB3F0627-A564-410C-BAB6-61FE73FC3B67}.Debug|Any CPU.Build.0 = Debug|Any CPU
		{EB3F0627-A564-410C-BAB6-61FE73FC3B67}.Release|Any CPU.ActiveCfg = Release|Any CPU
		{EB3F0627-A564-410C-BAB6-61FE73FC3B67}.Release|Any CPU.Build.0 = Release|Any CPU
		{800A5F57-0B1B-4F91-AE95-2AA5DCD6F297}.Debug|Any CPU.ActiveCfg = Debug|Any CPU
		{800A5F57-0B1B-4F91-AE95-2AA5DCD6F297}.Debug|Any CPU.Build.0 = Debug|Any CPU
		{800A5F57-0B1B-4F91-AE95-2AA5DCD6F297}.Release|Any CPU.ActiveCfg = Release|Any CPU
		{800A5F57-0B1B-4F91-AE95-2AA5DCD6F297}.Release|Any CPU.Build.0 = Release|Any CPU
		{E9C1D618-2E24-476C-B0C9-3577919DA914}.Debug|Any CPU.ActiveCfg = Debug|Any CPU
		{E9C1D618-2E24-476C-B0C9-3577919DA914}.Debug|Any CPU.Build.0 = Debug|Any CPU
		{E9C1D618-2E24-476C-B0C9-3577919DA914}.Release|Any CPU.ActiveCfg = Release|Any CPU
		{E9C1D618-2E24-476C-B0C9-3577919DA914}.Release|Any CPU.Build.0 = Release|Any CPU
		{84D26108-5E2F-4FD7-A447-EE7EE31E7077}.Debug|Any CPU.ActiveCfg = Debug|Any CPU
		{84D26108-5E2F-4FD7-A447-EE7EE31E7077}.Debug|Any CPU.Build.0 = Debug|Any CPU
		{84D26108-5E2F-4FD7-A447-EE7EE31E7077}.Release|Any CPU.ActiveCfg = Release|Any CPU
		{84D26108-5E2F-4FD7-A447-EE7EE31E7077}.Release|Any CPU.Build.0 = Release|Any CPU
		{7F2A67FD-7918-4E5E-BBE8-4CBD7A54A580}.Debug|Any CPU.ActiveCfg = Debug|Any CPU
		{7F2A67FD-7918-4E5E-BBE8-4CBD7A54A580}.Debug|Any CPU.Build.0 = Debug|Any CPU
		{7F2A67FD-7918-4E5E-BBE8-4CBD7A54A580}.Release|Any CPU.ActiveCfg = Release|Any CPU
		{7F2A67FD-7918-4E5E-BBE8-4CBD7A54A580}.Release|Any CPU.Build.0 = Release|Any CPU
		{01F82FD0-E96C-4961-9A97-68D85FEC2BD3}.Debug|Any CPU.ActiveCfg = Debug|Any CPU
		{01F82FD0-E96C-4961-9A97-68D85FEC2BD3}.Debug|Any CPU.Build.0 = Debug|Any CPU
		{01F82FD0-E96C-4961-9A97-68D85FEC2BD3}.Release|Any CPU.ActiveCfg = Release|Any CPU
		{01F82FD0-E96C-4961-9A97-68D85FEC2BD3}.Release|Any CPU.Build.0 = Release|Any CPU
		{6D39BE2B-291A-43B8-AB7B-CA23B9E4CAFC}.Debug|Any CPU.ActiveCfg = Debug|Any CPU
		{6D39BE2B-291A-43B8-AB7B-CA23B9E4CAFC}.Debug|Any CPU.Build.0 = Debug|Any CPU
		{6D39BE2B-291A-43B8-AB7B-CA23B9E4CAFC}.Release|Any CPU.ActiveCfg = Release|Any CPU
		{6D39BE2B-291A-43B8-AB7B-CA23B9E4CAFC}.Release|Any CPU.Build.0 = Release|Any CPU
		{4A7FBC1C-7D7F-4219-84F5-9209D8CB3A81}.Debug|Any CPU.ActiveCfg = Debug|Any CPU
		{4A7FBC1C-7D7F-4219-84F5-9209D8CB3A81}.Debug|Any CPU.Build.0 = Debug|Any CPU
		{4A7FBC1C-7D7F-4219-84F5-9209D8CB3A81}.Release|Any CPU.ActiveCfg = Release|Any CPU
		{4A7FBC1C-7D7F-4219-84F5-9209D8CB3A81}.Release|Any CPU.Build.0 = Release|Any CPU
		{BDC604F5-AF29-420E-8B3B-81447B7B9F3B}.Debug|Any CPU.ActiveCfg = Debug|Any CPU
		{BDC604F5-AF29-420E-8B3B-81447B7B9F3B}.Debug|Any CPU.Build.0 = Debug|Any CPU
		{BDC604F5-AF29-420E-8B3B-81447B7B9F3B}.Release|Any CPU.ActiveCfg = Release|Any CPU
		{BDC604F5-AF29-420E-8B3B-81447B7B9F3B}.Release|Any CPU.Build.0 = Release|Any CPU
		{CF8E4900-665D-4CED-84B4-AC44ECC1C24B}.Debug|Any CPU.ActiveCfg = Debug|Any CPU
		{CF8E4900-665D-4CED-84B4-AC44ECC1C24B}.Debug|Any CPU.Build.0 = Debug|Any CPU
		{CF8E4900-665D-4CED-84B4-AC44ECC1C24B}.Release|Any CPU.ActiveCfg = Release|Any CPU
		{CF8E4900-665D-4CED-84B4-AC44ECC1C24B}.Release|Any CPU.Build.0 = Release|Any CPU
		{24ABB421-0165-4656-AEFF-640A6959281C}.Debug|Any CPU.ActiveCfg = Debug|Any CPU
		{24ABB421-0165-4656-AEFF-640A6959281C}.Debug|Any CPU.Build.0 = Debug|Any CPU
		{24ABB421-0165-4656-AEFF-640A6959281C}.Release|Any CPU.ActiveCfg = Release|Any CPU
		{24ABB421-0165-4656-AEFF-640A6959281C}.Release|Any CPU.Build.0 = Release|Any CPU
		{6CEA6D13-5382-4BD0-927B-A24B4EC15198}.Debug|Any CPU.ActiveCfg = Debug|Any CPU
		{6CEA6D13-5382-4BD0-927B-A24B4EC15198}.Debug|Any CPU.Build.0 = Debug|Any CPU
		{6CEA6D13-5382-4BD0-927B-A24B4EC15198}.Release|Any CPU.ActiveCfg = Release|Any CPU
		{6CEA6D13-5382-4BD0-927B-A24B4EC15198}.Release|Any CPU.Build.0 = Release|Any CPU
		{487C30D4-7C57-47D3-9BD1-D72A3FC650D1}.Debug|Any CPU.ActiveCfg = Debug|Any CPU
		{487C30D4-7C57-47D3-9BD1-D72A3FC650D1}.Debug|Any CPU.Build.0 = Debug|Any CPU
		{487C30D4-7C57-47D3-9BD1-D72A3FC650D1}.Release|Any CPU.ActiveCfg = Release|Any CPU
		{487C30D4-7C57-47D3-9BD1-D72A3FC650D1}.Release|Any CPU.Build.0 = Release|Any CPU
		{B318D097-AF75-4402-AAED-9236A3C2C833}.Debug|Any CPU.ActiveCfg = Debug|Any CPU
		{B318D097-AF75-4402-AAED-9236A3C2C833}.Debug|Any CPU.Build.0 = Debug|Any CPU
		{B318D097-AF75-4402-AAED-9236A3C2C833}.Release|Any CPU.ActiveCfg = Release|Any CPU
		{B318D097-AF75-4402-AAED-9236A3C2C833}.Release|Any CPU.Build.0 = Release|Any CPU
		{D5733655-AD55-4F83-8084-0D3AE349D5C6}.Debug|Any CPU.ActiveCfg = Debug|Any CPU
		{D5733655-AD55-4F83-8084-0D3AE349D5C6}.Debug|Any CPU.Build.0 = Debug|Any CPU
		{D5733655-AD55-4F83-8084-0D3AE349D5C6}.Release|Any CPU.ActiveCfg = Release|Any CPU
		{D5733655-AD55-4F83-8084-0D3AE349D5C6}.Release|Any CPU.Build.0 = Release|Any CPU
		{391D1D02-452D-477F-9D62-13A7220EE152}.Debug|Any CPU.ActiveCfg = Debug|Any CPU
		{391D1D02-452D-477F-9D62-13A7220EE152}.Debug|Any CPU.Build.0 = Debug|Any CPU
		{391D1D02-452D-477F-9D62-13A7220EE152}.Release|Any CPU.ActiveCfg = Release|Any CPU
		{391D1D02-452D-477F-9D62-13A7220EE152}.Release|Any CPU.Build.0 = Release|Any CPU
		{51E910D6-AE63-440C-87D2-08CE4B78B316}.Debug|Any CPU.ActiveCfg = Debug|Any CPU
		{51E910D6-AE63-440C-87D2-08CE4B78B316}.Debug|Any CPU.Build.0 = Debug|Any CPU
		{51E910D6-AE63-440C-87D2-08CE4B78B316}.Release|Any CPU.ActiveCfg = Release|Any CPU
		{51E910D6-AE63-440C-87D2-08CE4B78B316}.Release|Any CPU.Build.0 = Release|Any CPU
		{ACC53B4C-05C8-4F32-97EE-1C85D1823A89}.Debug|Any CPU.ActiveCfg = Debug|Any CPU
		{ACC53B4C-05C8-4F32-97EE-1C85D1823A89}.Debug|Any CPU.Build.0 = Debug|Any CPU
		{ACC53B4C-05C8-4F32-97EE-1C85D1823A89}.Release|Any CPU.ActiveCfg = Release|Any CPU
		{ACC53B4C-05C8-4F32-97EE-1C85D1823A89}.Release|Any CPU.Build.0 = Release|Any CPU
		{4DB8E415-D7C2-485B-A7BB-C007C9537DA1}.Debug|Any CPU.ActiveCfg = Debug|Any CPU
		{4DB8E415-D7C2-485B-A7BB-C007C9537DA1}.Debug|Any CPU.Build.0 = Debug|Any CPU
		{4DB8E415-D7C2-485B-A7BB-C007C9537DA1}.Release|Any CPU.ActiveCfg = Release|Any CPU
		{4DB8E415-D7C2-485B-A7BB-C007C9537DA1}.Release|Any CPU.Build.0 = Release|Any CPU
		{7AF7401B-CF47-4C84-AA87-DBA11F1DBA14}.Debug|Any CPU.ActiveCfg = Debug|Any CPU
		{7AF7401B-CF47-4C84-AA87-DBA11F1DBA14}.Debug|Any CPU.Build.0 = Debug|Any CPU
		{7AF7401B-CF47-4C84-AA87-DBA11F1DBA14}.Release|Any CPU.ActiveCfg = Release|Any CPU
		{7AF7401B-CF47-4C84-AA87-DBA11F1DBA14}.Release|Any CPU.Build.0 = Release|Any CPU
		{5F9D79C3-20D5-418D-B7A2-5A5F7C3B25AA}.Debug|Any CPU.ActiveCfg = Debug|Any CPU
		{5F9D79C3-20D5-418D-B7A2-5A5F7C3B25AA}.Debug|Any CPU.Build.0 = Debug|Any CPU
		{5F9D79C3-20D5-418D-B7A2-5A5F7C3B25AA}.Release|Any CPU.ActiveCfg = Release|Any CPU
		{5F9D79C3-20D5-418D-B7A2-5A5F7C3B25AA}.Release|Any CPU.Build.0 = Release|Any CPU
		{417390FB-96E6-4670-82D7-728347448EFC}.Debug|Any CPU.ActiveCfg = Debug|Any CPU
		{417390FB-96E6-4670-82D7-728347448EFC}.Debug|Any CPU.Build.0 = Debug|Any CPU
		{417390FB-96E6-4670-82D7-728347448EFC}.Release|Any CPU.ActiveCfg = Release|Any CPU
		{417390FB-96E6-4670-82D7-728347448EFC}.Release|Any CPU.Build.0 = Release|Any CPU
		{A8EEB6F6-F31D-4EA6-98CA-703F130135AA}.Debug|Any CPU.ActiveCfg = Debug|Any CPU
		{A8EEB6F6-F31D-4EA6-98CA-703F130135AA}.Debug|Any CPU.Build.0 = Debug|Any CPU
		{A8EEB6F6-F31D-4EA6-98CA-703F130135AA}.Release|Any CPU.ActiveCfg = Release|Any CPU
		{A8EEB6F6-F31D-4EA6-98CA-703F130135AA}.Release|Any CPU.Build.0 = Release|Any CPU
		{9280E68D-44DB-494B-98E2-2680EC99920B}.Debug|Any CPU.ActiveCfg = Debug|Any CPU
		{9280E68D-44DB-494B-98E2-2680EC99920B}.Debug|Any CPU.Build.0 = Debug|Any CPU
		{9280E68D-44DB-494B-98E2-2680EC99920B}.Release|Any CPU.ActiveCfg = Release|Any CPU
		{9280E68D-44DB-494B-98E2-2680EC99920B}.Release|Any CPU.Build.0 = Release|Any CPU
		{32056848-728E-4E75-B11B-4F8603AE44DF}.Debug|Any CPU.ActiveCfg = Debug|Any CPU
		{32056848-728E-4E75-B11B-4F8603AE44DF}.Debug|Any CPU.Build.0 = Debug|Any CPU
		{32056848-728E-4E75-B11B-4F8603AE44DF}.Release|Any CPU.ActiveCfg = Release|Any CPU
		{32056848-728E-4E75-B11B-4F8603AE44DF}.Release|Any CPU.Build.0 = Release|Any CPU
		{53C1ACC4-C9A8-4E1C-8B74-33B8B5B2BC71}.Debug|Any CPU.ActiveCfg = Debug|Any CPU
		{53C1ACC4-C9A8-4E1C-8B74-33B8B5B2BC71}.Debug|Any CPU.Build.0 = Debug|Any CPU
		{53C1ACC4-C9A8-4E1C-8B74-33B8B5B2BC71}.Release|Any CPU.ActiveCfg = Release|Any CPU
		{53C1ACC4-C9A8-4E1C-8B74-33B8B5B2BC71}.Release|Any CPU.Build.0 = Release|Any CPU
		{DAAB0A31-7A76-4DEB-B0E3-128DFB5E17D6}.Debug|Any CPU.ActiveCfg = Debug|Any CPU
		{DAAB0A31-7A76-4DEB-B0E3-128DFB5E17D6}.Debug|Any CPU.Build.0 = Debug|Any CPU
		{DAAB0A31-7A76-4DEB-B0E3-128DFB5E17D6}.Release|Any CPU.ActiveCfg = Release|Any CPU
		{DAAB0A31-7A76-4DEB-B0E3-128DFB5E17D6}.Release|Any CPU.Build.0 = Release|Any CPU
		{A333AB06-19DB-47EC-A027-6E0E8183695F}.Debug|Any CPU.ActiveCfg = Debug|Any CPU
		{A333AB06-19DB-47EC-A027-6E0E8183695F}.Debug|Any CPU.Build.0 = Debug|Any CPU
		{A333AB06-19DB-47EC-A027-6E0E8183695F}.Release|Any CPU.ActiveCfg = Release|Any CPU
		{A333AB06-19DB-47EC-A027-6E0E8183695F}.Release|Any CPU.Build.0 = Release|Any CPU
		{31A63176-B16F-425C-8518-C738CAF1D3CF}.Debug|Any CPU.ActiveCfg = Debug|Any CPU
		{31A63176-B16F-425C-8518-C738CAF1D3CF}.Debug|Any CPU.Build.0 = Debug|Any CPU
		{31A63176-B16F-425C-8518-C738CAF1D3CF}.Release|Any CPU.ActiveCfg = Release|Any CPU
		{31A63176-B16F-425C-8518-C738CAF1D3CF}.Release|Any CPU.Build.0 = Release|Any CPU
		{82E5CC1F-1DCB-4577-A39D-9407C1411213}.Debug|Any CPU.ActiveCfg = Debug|Any CPU
		{82E5CC1F-1DCB-4577-A39D-9407C1411213}.Debug|Any CPU.Build.0 = Debug|Any CPU
		{82E5CC1F-1DCB-4577-A39D-9407C1411213}.Release|Any CPU.ActiveCfg = Release|Any CPU
		{82E5CC1F-1DCB-4577-A39D-9407C1411213}.Release|Any CPU.Build.0 = Release|Any CPU
		{4D39F51E-62F5-4A47-AA28-A8A1DB15CA18}.Debug|Any CPU.ActiveCfg = Debug|Any CPU
		{4D39F51E-62F5-4A47-AA28-A8A1DB15CA18}.Debug|Any CPU.Build.0 = Debug|Any CPU
		{4D39F51E-62F5-4A47-AA28-A8A1DB15CA18}.Release|Any CPU.ActiveCfg = Release|Any CPU
		{4D39F51E-62F5-4A47-AA28-A8A1DB15CA18}.Release|Any CPU.Build.0 = Release|Any CPU
		{8870AC5D-D0BB-461D-54AF-83B4CBBE6F48}.Debug|Any CPU.ActiveCfg = Debug|Any CPU
		{8870AC5D-D0BB-461D-54AF-83B4CBBE6F48}.Debug|Any CPU.Build.0 = Debug|Any CPU
		{8870AC5D-D0BB-461D-54AF-83B4CBBE6F48}.Release|Any CPU.ActiveCfg = Release|Any CPU
		{8870AC5D-D0BB-461D-54AF-83B4CBBE6F48}.Release|Any CPU.Build.0 = Release|Any CPU
		{7036EDB5-AFC5-4582-A1DA-A10EDA89943A}.Debug|Any CPU.ActiveCfg = Debug|Any CPU
		{7036EDB5-AFC5-4582-A1DA-A10EDA89943A}.Debug|Any CPU.Build.0 = Debug|Any CPU
		{7036EDB5-AFC5-4582-A1DA-A10EDA89943A}.Release|Any CPU.ActiveCfg = Release|Any CPU
		{7036EDB5-AFC5-4582-A1DA-A10EDA89943A}.Release|Any CPU.Build.0 = Release|Any CPU
	EndGlobalSection
	GlobalSection(SolutionProperties) = preSolution
		HideSolutionNode = FALSE
	EndGlobalSection
	GlobalSection(NestedProjects) = preSolution
		{4A4A5885-C826-4485-AEE2-5D20DB8DD074} = {72180AF2-9E44-44EC-846B-1E7B6952FA41}
		{4F3650E5-3647-4403-A285-3ED6F6EF6E69} = {72180AF2-9E44-44EC-846B-1E7B6952FA41}
		{C4A5DE99-A081-4EF4-AE69-2D897E45EF0B} = {72180AF2-9E44-44EC-846B-1E7B6952FA41}
		{F5E67B17-7A35-4D47-8375-20ECDB9F332C} = {72180AF2-9E44-44EC-846B-1E7B6952FA41}
		{128EDA3E-BF4C-45F1-90F0-D363D7B81803} = {72180AF2-9E44-44EC-846B-1E7B6952FA41}
		{64D202DE-09F4-4A39-BB2C-9BDEBF07CEAA} = {72180AF2-9E44-44EC-846B-1E7B6952FA41}
		{5C3E950F-B96A-4D2C-8249-6F080D025313} = {72180AF2-9E44-44EC-846B-1E7B6952FA41}
		{1759C1DF-248F-0900-B0AC-A648D7DA814A} = {72180AF2-9E44-44EC-846B-1E7B6952FA41}
		{9B9BDB95-BCB1-4C8E-8FC0-B2A82B6D87AC} = {72180AF2-9E44-44EC-846B-1E7B6952FA41}
		{793FF648-61E2-4C5B-8C25-2A47C4FFDBFD} = {72180AF2-9E44-44EC-846B-1E7B6952FA41}
		{EF70D409-6F82-44AE-B30F-7FFA1CE0BEE8} = {72180AF2-9E44-44EC-846B-1E7B6952FA41}
		{D4CE7AA8-D7FF-475B-B287-264565D5044D} = {72180AF2-9E44-44EC-846B-1E7B6952FA41}
		{42EC9941-0FFB-4C78-93A2-8E63996DCA7F} = {72180AF2-9E44-44EC-846B-1E7B6952FA41}
		{1215EED3-F2A2-4783-B296-4CDF26D5C03E} = {72180AF2-9E44-44EC-846B-1E7B6952FA41}
		{92B96951-7EAF-4AD3-9BEA-D7B6319832DB} = {72180AF2-9E44-44EC-846B-1E7B6952FA41}
		{0BBF4F8A-ACFA-43CA-8686-9CB069E24A90} = {6D0C1632-D544-46DD-949C-106BF9890B1C}
		{917EFFE3-5A3A-4F3E-B9A9-C741D800DF97} = {0BBF4F8A-ACFA-43CA-8686-9CB069E24A90}
		{24A73209-17F4-401B-9C89-59C0EDE3C571} = {0BBF4F8A-ACFA-43CA-8686-9CB069E24A90}
		{F510E8A0-CF29-4B8C-9A08-88159A4AE3CB} = {6D0C1632-D544-46DD-949C-106BF9890B1C}
		{B5EE4A5F-00EE-4E14-907C-55265C02137D} = {F510E8A0-CF29-4B8C-9A08-88159A4AE3CB}
		{275EFFCF-3E9B-4D61-8E5A-D46CD1C1EC69} = {F510E8A0-CF29-4B8C-9A08-88159A4AE3CB}
		{9A993C39-F396-4EB0-ABE7-13F2A97A9BBE} = {F510E8A0-CF29-4B8C-9A08-88159A4AE3CB}
		{44A1C16F-76C3-4F13-8BAE-94CA274CF850} = {6D0C1632-D544-46DD-949C-106BF9890B1C}
		{7877DEAE-280C-4B4E-85C2-D259AB325050} = {44A1C16F-76C3-4F13-8BAE-94CA274CF850}
		{BF9636A1-5AC9-4DC9-89F2-664B0C267932} = {44A1C16F-76C3-4F13-8BAE-94CA274CF850}
		{100A3BC2-6646-4818-BF43-6C86BE4AB5CF} = {6D0C1632-D544-46DD-949C-106BF9890B1C}
		{36FA6640-C153-42DE-9CF6-1C698EA13E4A} = {100A3BC2-6646-4818-BF43-6C86BE4AB5CF}
		{AEF8361F-0006-47CD-89CA-31344BEC9169} = {100A3BC2-6646-4818-BF43-6C86BE4AB5CF}
		{B18EB698-FE5E-4D64-9442-FA3ADE0A0518} = {100A3BC2-6646-4818-BF43-6C86BE4AB5CF}
		{D12AE235-F96E-429F-80B8-1E34ED832310} = {6D0C1632-D544-46DD-949C-106BF9890B1C}
		{02754851-3D79-4421-8C4B-EE78C44CB843} = {D12AE235-F96E-429F-80B8-1E34ED832310}
		{90A47340-F365-43E0-B365-367DFDE9C5A1} = {D12AE235-F96E-429F-80B8-1E34ED832310}
		{378CB534-C445-40CD-AF30-6C1964786D63} = {D12AE235-F96E-429F-80B8-1E34ED832310}
		{CB19355C-33B6-4E7D-B557-15E2A22022BB} = {6D0C1632-D544-46DD-949C-106BF9890B1C}
		{B43EBBEC-589C-4648-8156-4878BCD8842F} = {CB19355C-33B6-4E7D-B557-15E2A22022BB}
		{9AE9D160-759C-4994-B5EE-FFD1BA8570D3} = {CB19355C-33B6-4E7D-B557-15E2A22022BB}
		{4F2884E7-BFA0-4451-A8DF-18F6C9F87DE4} = {6D0C1632-D544-46DD-949C-106BF9890B1C}
		{BDFCBBDE-FA7F-4B82-3401-266C7D08F03A} = {4F2884E7-BFA0-4451-A8DF-18F6C9F87DE4}
		{1D5AD313-4D5E-4065-955B-8E6B8D669CC7} = {6D0C1632-D544-46DD-949C-106BF9890B1C}
		{A6D2653C-2049-4C83-BD2E-5726BF3A4214} = {1D5AD313-4D5E-4065-955B-8E6B8D669CC7}
		{5C1DE755-949B-4255-A67A-ACB11A39D926} = {A6D2653C-2049-4C83-BD2E-5726BF3A4214}
		{36881197-111F-41BA-AB76-DD628E2165A1} = {6D0C1632-D544-46DD-949C-106BF9890B1C}
		{EBABD5BC-4047-4AEE-85AB-381ED4AD8B89} = {36881197-111F-41BA-AB76-DD628E2165A1}
		{50ED23DD-CC2F-45A3-A77A-B6DEB1622D95} = {36881197-111F-41BA-AB76-DD628E2165A1}
		{ACB0582F-FCEF-496E-A90A-E54B6E880BEE} = {36881197-111F-41BA-AB76-DD628E2165A1}
		{008D711A-0E67-4D22-8684-6C8CDBABD831} = {36881197-111F-41BA-AB76-DD628E2165A1}
		{55A3282F-FA88-484C-8FB7-AD3F8E70C6A2} = {36881197-111F-41BA-AB76-DD628E2165A1}
		{6FD1D0E3-3981-458E-AED4-FE6A5D272DAE} = {36881197-111F-41BA-AB76-DD628E2165A1}
		{A1DA5F35-BFF5-412F-9065-B113AAF50332} = {6D0C1632-D544-46DD-949C-106BF9890B1C}
		{913C9987-3266-4381-8279-AC36E6B71CBA} = {A1DA5F35-BFF5-412F-9065-B113AAF50332}
		{2FD54F4F-5FDD-4694-A653-3BBCE3ECB6BF} = {A1DA5F35-BFF5-412F-9065-B113AAF50332}
		{4918E5FC-F89D-4CE0-B3A4-921FECFD536B} = {6D0C1632-D544-46DD-949C-106BF9890B1C}
		{0E410D64-04CE-483C-BEBE-B415CD81428D} = {4918E5FC-F89D-4CE0-B3A4-921FECFD536B}
		{D103D8F3-A8DF-4F0C-B247-9CE21E3A6A4D} = {4918E5FC-F89D-4CE0-B3A4-921FECFD536B}
		{8FB884C0-8C50-4519-89BA-CA39BD2CB15B} = {4918E5FC-F89D-4CE0-B3A4-921FECFD536B}
		{3E80C4C4-E33F-49E5-A902-13BAFDC8E967} = {6D0C1632-D544-46DD-949C-106BF9890B1C}
		{5B664A49-34C5-4689-A35E-AC4670E64080} = {3E80C4C4-E33F-49E5-A902-13BAFDC8E967}
		{83666F50-C3C5-4196-9E6B-EB2268063A71} = {6D0C1632-D544-46DD-949C-106BF9890B1C}
		{B0AE8EB9-37A9-40DE-A3F7-4220C3856DB7} = {83666F50-C3C5-4196-9E6B-EB2268063A71}
		{F32B2302-2813-465E-80C4-422F792BD740} = {B0AE8EB9-37A9-40DE-A3F7-4220C3856DB7}
		{9B84794F-8C18-4264-8C1B-F2509F8961A0} = {B0AE8EB9-37A9-40DE-A3F7-4220C3856DB7}
		{CC1D0CE9-34E7-4C54-8FA7-04CB290A4DEA} = {83666F50-C3C5-4196-9E6B-EB2268063A71}
		{1D86FDF7-59DF-418D-BAD0-8B6799926A78} = {CC1D0CE9-34E7-4C54-8FA7-04CB290A4DEA}
		{59F89E76-94FC-4FDC-A62D-FD8AC083F4D4} = {83666F50-C3C5-4196-9E6B-EB2268063A71}
		{DF675725-74A4-43BC-BAA0-D655DE1DE47A} = {59F89E76-94FC-4FDC-A62D-FD8AC083F4D4}
		{478E478F-8AFE-4ED8-8353-8C989B8E01DC} = {59F89E76-94FC-4FDC-A62D-FD8AC083F4D4}
		{5CB516D1-F5DE-4756-A1B2-E313AA71201F} = {83666F50-C3C5-4196-9E6B-EB2268063A71}
		{370F52FB-50AC-4AD0-B98A-50C16FC0C4F0} = {5CB516D1-F5DE-4756-A1B2-E313AA71201F}
		{F5B2F2AD-4AE6-4AB6-8A5F-E5CA0A3727DE} = {5CB516D1-F5DE-4756-A1B2-E313AA71201F}
		{E8D6C5C4-8782-4BBB-8794-737991CA0BAB} = {6D0C1632-D544-46DD-949C-106BF9890B1C}
		{B86DB204-F9F0-4AF8-A113-C3E683A4F5A9} = {E8D6C5C4-8782-4BBB-8794-737991CA0BAB}
		{C1A2F9EA-6689-44B3-B463-E465E4439A28} = {E8D6C5C4-8782-4BBB-8794-737991CA0BAB}
		{A35F72EE-F785-4561-8F65-2F3E117BBD12} = {6D0C1632-D544-46DD-949C-106BF9890B1C}
		{97C07A6C-0ADE-4897-9D7B-E63F375DFECA} = {A35F72EE-F785-4561-8F65-2F3E117BBD12}
		{F99D9C65-314B-4FBF-9140-01133F67D1D3} = {A35F72EE-F785-4561-8F65-2F3E117BBD12}
		{3AB9D0C3-71E8-4207-AB7E-467C15ECBB05} = {6D0C1632-D544-46DD-949C-106BF9890B1C}
		{7F2ED8A7-C99F-41F9-9F1E-F9E56A425A16} = {3AB9D0C3-71E8-4207-AB7E-467C15ECBB05}
		{BB8CB0E5-EE86-43D0-B70B-A1961166AFCF} = {3AB9D0C3-71E8-4207-AB7E-467C15ECBB05}
		{8EF07D22-4B87-43EA-801F-44CD921AEC6A} = {6D0C1632-D544-46DD-949C-106BF9890B1C}
		{EE649E58-087F-42EE-AA55-FC493D235772} = {8EF07D22-4B87-43EA-801F-44CD921AEC6A}
		{C0DF17B9-E12C-487A-A2F3-D79DA90BE567} = {8EF07D22-4B87-43EA-801F-44CD921AEC6A}
		{9B64B7DA-CB09-4FF5-83B2-54C64ABFB485} = {8EF07D22-4B87-43EA-801F-44CD921AEC6A}
		{53E8B1C9-523E-45B5-9A0D-5FB7F044FF0C} = {8EF07D22-4B87-43EA-801F-44CD921AEC6A}
		{7822FCC8-E1A8-4D84-A034-B7B6717DEAFA} = {2925F86B-E769-4193-9F89-A59992764B48}
		{A2AD6610-2F7B-4024-914C-1CA843B233BD} = {6D0C1632-D544-46DD-949C-106BF9890B1C}
		{A99C819C-DAC5-4475-978A-A8AA9FB70436} = {A2AD6610-2F7B-4024-914C-1CA843B233BD}
		{5431EC6C-A0E1-4590-9E7E-4012E12867A0} = {A99C819C-DAC5-4475-978A-A8AA9FB70436}
		{3DB8FE07-1B2B-4490-8006-44FED0367D21} = {A2AD6610-2F7B-4024-914C-1CA843B233BD}
		{B6C69F6C-BBDB-4109-9CBE-46ED59E1F06D} = {3DB8FE07-1B2B-4490-8006-44FED0367D21}
		{BCDDEF75-FDF0-4A17-8F7B-05D8111DB1CB} = {A2AD6610-2F7B-4024-914C-1CA843B233BD}
		{784E8C3E-A739-477E-9458-15FC0C029E45} = {BCDDEF75-FDF0-4A17-8F7B-05D8111DB1CB}
		{546D48D3-94C0-43ED-87A4-71878F83CE45} = {BCDDEF75-FDF0-4A17-8F7B-05D8111DB1CB}
		{BD97F842-3F99-401B-84E2-2FC6DD46454B} = {A2AD6610-2F7B-4024-914C-1CA843B233BD}
		{A569A0C7-994F-4895-BA3D-D32E27ACAE4E} = {BD97F842-3F99-401B-84E2-2FC6DD46454B}
		{3ACAE672-F6C9-4956-8759-633A137CCD11} = {BD97F842-3F99-401B-84E2-2FC6DD46454B}
		{932C5F14-86CE-4D57-9282-997F5F45AF4A} = {A2AD6610-2F7B-4024-914C-1CA843B233BD}
		{723897C4-AF01-4581-83D2-92256CD9D0CF} = {932C5F14-86CE-4D57-9282-997F5F45AF4A}
		{3CA85F29-F5D5-4B21-BA11-E54E7D1FEBF8} = {932C5F14-86CE-4D57-9282-997F5F45AF4A}
		{E6831AD9-B04E-4FFB-9840-24573E743D92} = {A2AD6610-2F7B-4024-914C-1CA843B233BD}
		{A04DF739-2108-69B8-D60D-D3D42FF85936} = {E6831AD9-B04E-4FFB-9840-24573E743D92}
		{F810044C-133A-4D67-B5D0-7A83973D49B0} = {E6831AD9-B04E-4FFB-9840-24573E743D92}
		{1ACB043E-76A4-47A0-B865-A2590BEF13B5} = {A2AD6610-2F7B-4024-914C-1CA843B233BD}
		{5287E685-5320-42E8-B65D-0764D76F08D2} = {1ACB043E-76A4-47A0-B865-A2590BEF13B5}
		{EB3F0627-A564-410C-BAB6-61FE73FC3B67} = {1ACB043E-76A4-47A0-B865-A2590BEF13B5}
		{BF032C38-6ED4-4A8C-B556-7E98CEF2F2D2} = {A2AD6610-2F7B-4024-914C-1CA843B233BD}
		{800A5F57-0B1B-4F91-AE95-2AA5DCD6F297} = {BF032C38-6ED4-4A8C-B556-7E98CEF2F2D2}
		{E9C1D618-2E24-476C-B0C9-3577919DA914} = {BF032C38-6ED4-4A8C-B556-7E98CEF2F2D2}
		{D6A32AFE-DDE0-42EE-AC49-01169722139A} = {A2AD6610-2F7B-4024-914C-1CA843B233BD}
		{84D26108-5E2F-4FD7-A447-EE7EE31E7077} = {D6A32AFE-DDE0-42EE-AC49-01169722139A}
		{7F2A67FD-7918-4E5E-BBE8-4CBD7A54A580} = {D6A32AFE-DDE0-42EE-AC49-01169722139A}
		{4D58A182-C3C8-428C-A196-82F31A528887} = {7FCE7EC9-4191-4F2A-9129-B0357DD8027D}
		{27C948BE-064E-41E3-B3F1-21132F3E6BEE} = {4D58A182-C3C8-428C-A196-82F31A528887}
		{01F82FD0-E96C-4961-9A97-68D85FEC2BD3} = {27C948BE-064E-41E3-B3F1-21132F3E6BEE}
		{6D39BE2B-291A-43B8-AB7B-CA23B9E4CAFC} = {4D58A182-C3C8-428C-A196-82F31A528887}
		{4A7FBC1C-7D7F-4219-84F5-9209D8CB3A81} = {4D58A182-C3C8-428C-A196-82F31A528887}
		{BDC604F5-AF29-420E-8B3B-81447B7B9F3B} = {4D58A182-C3C8-428C-A196-82F31A528887}
		{CF8E4900-665D-4CED-84B4-AC44ECC1C24B} = {4D58A182-C3C8-428C-A196-82F31A528887}
		{24ABB421-0165-4656-AEFF-640A6959281C} = {4D58A182-C3C8-428C-A196-82F31A528887}
		{6CEA6D13-5382-4BD0-927B-A24B4EC15198} = {4D58A182-C3C8-428C-A196-82F31A528887}
		{487C30D4-7C57-47D3-9BD1-D72A3FC650D1} = {4D58A182-C3C8-428C-A196-82F31A528887}
		{B318D097-AF75-4402-AAED-9236A3C2C833} = {4D58A182-C3C8-428C-A196-82F31A528887}
		{D5733655-AD55-4F83-8084-0D3AE349D5C6} = {4D58A182-C3C8-428C-A196-82F31A528887}
		{391D1D02-452D-477F-9D62-13A7220EE152} = {4D58A182-C3C8-428C-A196-82F31A528887}
		{51E910D6-AE63-440C-87D2-08CE4B78B316} = {4D58A182-C3C8-428C-A196-82F31A528887}
		{ACC53B4C-05C8-4F32-97EE-1C85D1823A89} = {4D58A182-C3C8-428C-A196-82F31A528887}
		{4DB8E415-D7C2-485B-A7BB-C007C9537DA1} = {27C948BE-064E-41E3-B3F1-21132F3E6BEE}
		{2E97DE97-7046-4217-9F0F-6DE7C93283CD} = {7FCE7EC9-4191-4F2A-9129-B0357DD8027D}
		{7AF7401B-CF47-4C84-AA87-DBA11F1DBA14} = {2E97DE97-7046-4217-9F0F-6DE7C93283CD}
		{5F9D79C3-20D5-418D-B7A2-5A5F7C3B25AA} = {2E97DE97-7046-4217-9F0F-6DE7C93283CD}
		{417390FB-96E6-4670-82D7-728347448EFC} = {2E97DE97-7046-4217-9F0F-6DE7C93283CD}
		{A8EEB6F6-F31D-4EA6-98CA-703F130135AA} = {2E97DE97-7046-4217-9F0F-6DE7C93283CD}
		{9280E68D-44DB-494B-98E2-2680EC99920B} = {2E97DE97-7046-4217-9F0F-6DE7C93283CD}
		{32056848-728E-4E75-B11B-4F8603AE44DF} = {2E97DE97-7046-4217-9F0F-6DE7C93283CD}
		{53C1ACC4-C9A8-4E1C-8B74-33B8B5B2BC71} = {2E97DE97-7046-4217-9F0F-6DE7C93283CD}
		{DAAB0A31-7A76-4DEB-B0E3-128DFB5E17D6} = {2E97DE97-7046-4217-9F0F-6DE7C93283CD}
		{A333AB06-19DB-47EC-A027-6E0E8183695F} = {2E97DE97-7046-4217-9F0F-6DE7C93283CD}
		{31A63176-B16F-425C-8518-C738CAF1D3CF} = {2E97DE97-7046-4217-9F0F-6DE7C93283CD}
		{82E5CC1F-1DCB-4577-A39D-9407C1411213} = {2E97DE97-7046-4217-9F0F-6DE7C93283CD}
		{4D39F51E-62F5-4A47-AA28-A8A1DB15CA18} = {2E97DE97-7046-4217-9F0F-6DE7C93283CD}
		{8870AC5D-D0BB-461D-54AF-83B4CBBE6F48} = {2E97DE97-7046-4217-9F0F-6DE7C93283CD}
		{7036EDB5-AFC5-4582-A1DA-A10EDA89943A} = {2E97DE97-7046-4217-9F0F-6DE7C93283CD}
	EndGlobalSection
	GlobalSection(ExtensibilityGlobals) = postSolution
		SolutionGuid = {52157EB6-23D3-43A8-BEB7-65BCF0DB17A2}
	EndGlobalSection
EndGlobal
