Microsoft Visual Studio Solution File, Format Version 12.00
# Visual Studio Version 17
VisualStudioVersion = 17.14.35906.104
MinimumVisualStudioVersion = 10.0.40219.1
Project("{2150E333-8FDC-42A3-9474-1A3956D46DE8}") = "Solution Items", "Solution Items", "{02EA681E-C7D8-13C7-8484-4AC65E1B71E8}"
	ProjectSection(SolutionItems) = preProject
		Core.Build.props = Core.Build.props
		Directory.Build.props = Directory.Build.props
		Directory.Packages.props = Directory.Packages.props
		Dockerfile = Dockerfile
	EndProjectSection
EndProject
Project("{2150E333-8FDC-42A3-9474-1A3956D46DE8}") = "Core", "Core", "{72180AF2-9E44-44EC-846B-1E7B6952FA41}"
EndProject
Project("{FAE04EC0-301F-11D3-BF4B-00C04F79EFBC}") = "Core", "Core\Core\Core.csproj", "{4A4A5885-C826-4485-AEE2-5D20DB8DD074}"
EndProject
Project("{FAE04EC0-301F-11D3-BF4B-00C04F79EFBC}") = "Core.Serialization", "Core\Core.Serialization\Core.Serialization.csproj", "{4F3650E5-3647-4403-A285-3ED6F6EF6E69}"
EndProject
Project("{FAE04EC0-301F-11D3-BF4B-00C04F79EFBC}") = "Core.Scheduling", "Core\Core.Scheduling\Core.Scheduling.csproj", "{C4A5DE99-A081-4EF4-AE69-2D897E45EF0B}"
EndProject
Project("{FAE04EC0-301F-11D3-BF4B-00C04F79EFBC}") = "Core.EventStoreDB", "Core\Core.EventStoreDB\Core.EventStoreDB.csproj", "{F5E67B17-7A35-4D47-8375-20ECDB9F332C}"
EndProject
Project("{FAE04EC0-301F-11D3-BF4B-00C04F79EFBC}") = "Core.Kafka", "Core\Core.Kafka\Core.Kafka.csproj", "{128EDA3E-BF4C-45F1-90F0-D363D7B81803}"
EndProject
Project("{FAE04EC0-301F-11D3-BF4B-00C04F79EFBC}") = "Core.EntityFramework", "Core\Core.EntityFramework\Core.EntityFramework.csproj", "{64D202DE-09F4-4A39-BB2C-9BDEBF07CEAA}"
EndProject
Project("{FAE04EC0-301F-11D3-BF4B-00C04F79EFBC}") = "Core.ElasticSearch", "Core\Core.ElasticSearch\Core.ElasticSearch.csproj", "{5C3E950F-B96A-4D2C-8249-6F080D025313}"
EndProject
Project("{FAE04EC0-301F-11D3-BF4B-00C04F79EFBC}") = "Core.Marten", "Core\Core.Marten\Core.Marten.csproj", "{1759C1DF-248F-0900-B0AC-A648D7DA814A}"
EndProject
Project("{FAE04EC0-301F-11D3-BF4B-00C04F79EFBC}") = "Core.WebApi", "Core\Core.WebApi\Core.WebApi.csproj", "{9B9BDB95-BCB1-4C8E-8FC0-B2A82B6D87AC}"
EndProject
Project("{FAE04EC0-301F-11D3-BF4B-00C04F79EFBC}") = "SwaggerUi.Aspire.Hosting", "Core\SwaggerUi.Aspire.Hosting\SwaggerUi.Aspire.Hosting.csproj", "{793FF648-61E2-4C5B-8C25-2A47C4FFDBFD}"
EndProject
Project("{FAE04EC0-301F-11D3-BF4B-00C04F79EFBC}") = "Core.Testing", "Core\Core.Testing\Core.Testing.csproj", "{EF70D409-6F82-44AE-B30F-7FFA1CE0BEE8}"
EndProject
Project("{FAE04EC0-301F-11D3-BF4B-00C04F79EFBC}") = "Core.EntityFramework.Tests", "Core\Core.EntityFramework.Tests\Core.EntityFramework.Tests.csproj", "{D4CE7AA8-D7FF-475B-B287-264565D5044D}"
EndProject
Project("{FAE04EC0-301F-11D3-BF4B-00C04F79EFBC}") = "Core.Tests", "Core\Core.Tests\Core.Tests.csproj", "{42EC9941-0FFB-4C78-93A2-8E63996DCA7F}"
EndProject
Project("{FAE04EC0-301F-11D3-BF4B-00C04F79EFBC}") = "Core.EventStoreDB.Tests", "Core\Core.EventStoreDB.Tests\Core.EventStoreDB.Tests.csproj", "{1215EED3-F2A2-4783-B296-4CDF26D5C03E}"
EndProject
Project("{FAE04EC0-301F-11D3-BF4B-00C04F79EFBC}") = "Core.Kafka.Tests", "Core\Core.Kafka.Tests\Core.Kafka.Tests.csproj", "{92B96951-7EAF-4AD3-9BEA-D7B6319832DB}"
EndProject
Project("{2150E333-8FDC-42A3-9474-1A3956D46DE8}") = "Sample", "Sample", "{6D0C1632-D544-46DD-949C-106BF9890B1C}"
EndProject
Project("{2150E333-8FDC-42A3-9474-1A3956D46DE8}") = "AsyncProjections", "AsyncProjections", "{0BBF4F8A-ACFA-43CA-8686-9CB069E24A90}"
EndProject
Project("{FAE04EC0-301F-11D3-BF4B-00C04F79EFBC}") = "SmartHome.Temperature", "Sample\AsyncProjections\SmartHome.Temperature\SmartHome.Temperature.csproj", "{917EFFE3-5A3A-4F3E-B9A9-C741D800DF97}"
EndProject
Project("{FAE04EC0-301F-11D3-BF4B-00C04F79EFBC}") = "SmartHome.Api", "Sample\AsyncProjections\SmartHome.Api\SmartHome.Api.csproj", "{24A73209-17F4-401B-9C89-59C0EDE3C571}"
EndProject
Project("{2150E333-8FDC-42A3-9474-1A3956D46DE8}") = "docker", "docker", "{F84B4D02-7418-4ACE-84AF-2B6F0C462FC6}"
	ProjectSection(SolutionItems) = preProject
		docker-compose.yml = docker-compose.yml
		Dockerfile = Dockerfile
	EndProjectSection
EndProject
Project("{2150E333-8FDC-42A3-9474-1A3956D46DE8}") = "ClosingTheBooks", "ClosingTheBooks", "{F510E8A0-CF29-4B8C-9A08-88159A4AE3CB}"
EndProject
Project("{FAE04EC0-301F-11D3-BF4B-00C04F79EFBC}") = "PointOfSales", "Sample\ClosingTheBooks\PointOfSales\PointOfSales.csproj", "{B5EE4A5F-00EE-4E14-907C-55265C02137D}"
EndProject
Project("{FAE04EC0-301F-11D3-BF4B-00C04F79EFBC}") = "PointOfSales.Api", "Sample\ClosingTheBooks\PointOfSales.Api\PointOfSales.Api.csproj", "{275EFFCF-3E9B-4D61-8E5A-D46CD1C1EC69}"
EndProject
Project("{FAE04EC0-301F-11D3-BF4B-00C04F79EFBC}") = "PointOfSales.Api.Tests", "Sample\ClosingTheBooks\PointOfSales.Api.Tests\PointOfSales.Api.Tests.csproj", "{9A993C39-F396-4EB0-ABE7-13F2A97A9BBE}"
EndProject
Global
	GlobalSection(SolutionConfigurationPlatforms) = preSolution
		Debug|Any CPU = Debug|Any CPU
		Release|Any CPU = Release|Any CPU
	EndGlobalSection
	GlobalSection(ProjectConfigurationPlatforms) = postSolution
		{4A4A5885-C826-4485-AEE2-5D20DB8DD074}.Debug|Any CPU.ActiveCfg = Debug|Any CPU
		{4A4A5885-C826-4485-AEE2-5D20DB8DD074}.Debug|Any CPU.Build.0 = Debug|Any CPU
		{4A4A5885-C826-4485-AEE2-5D20DB8DD074}.Release|Any CPU.ActiveCfg = Release|Any CPU
		{4A4A5885-C826-4485-AEE2-5D20DB8DD074}.Release|Any CPU.Build.0 = Release|Any CPU
		{4F3650E5-3647-4403-A285-3ED6F6EF6E69}.Debug|Any CPU.ActiveCfg = Debug|Any CPU
		{4F3650E5-3647-4403-A285-3ED6F6EF6E69}.Debug|Any CPU.Build.0 = Debug|Any CPU
		{4F3650E5-3647-4403-A285-3ED6F6EF6E69}.Release|Any CPU.ActiveCfg = Release|Any CPU
		{4F3650E5-3647-4403-A285-3ED6F6EF6E69}.Release|Any CPU.Build.0 = Release|Any CPU
		{C4A5DE99-A081-4EF4-AE69-2D897E45EF0B}.Debug|Any CPU.ActiveCfg = Debug|Any CPU
		{C4A5DE99-A081-4EF4-AE69-2D897E45EF0B}.Debug|Any CPU.Build.0 = Debug|Any CPU
		{C4A5DE99-A081-4EF4-AE69-2D897E45EF0B}.Release|Any CPU.ActiveCfg = Release|Any CPU
		{C4A5DE99-A081-4EF4-AE69-2D897E45EF0B}.Release|Any CPU.Build.0 = Release|Any CPU
		{F5E67B17-7A35-4D47-8375-20ECDB9F332C}.Debug|Any CPU.ActiveCfg = Debug|Any CPU
		{F5E67B17-7A35-4D47-8375-20ECDB9F332C}.Debug|Any CPU.Build.0 = Debug|Any CPU
		{F5E67B17-7A35-4D47-8375-20ECDB9F332C}.Release|Any CPU.ActiveCfg = Release|Any CPU
		{F5E67B17-7A35-4D47-8375-20ECDB9F332C}.Release|Any CPU.Build.0 = Release|Any CPU
		{128EDA3E-BF4C-45F1-90F0-D363D7B81803}.Debug|Any CPU.ActiveCfg = Debug|Any CPU
		{128EDA3E-BF4C-45F1-90F0-D363D7B81803}.Debug|Any CPU.Build.0 = Debug|Any CPU
		{128EDA3E-BF4C-45F1-90F0-D363D7B81803}.Release|Any CPU.ActiveCfg = Release|Any CPU
		{128EDA3E-BF4C-45F1-90F0-D363D7B81803}.Release|Any CPU.Build.0 = Release|Any CPU
		{64D202DE-09F4-4A39-BB2C-9BDEBF07CEAA}.Debug|Any CPU.ActiveCfg = Debug|Any CPU
		{64D202DE-09F4-4A39-BB2C-9BDEBF07CEAA}.Debug|Any CPU.Build.0 = Debug|Any CPU
		{64D202DE-09F4-4A39-BB2C-9BDEBF07CEAA}.Release|Any CPU.ActiveCfg = Release|Any CPU
		{64D202DE-09F4-4A39-BB2C-9BDEBF07CEAA}.Release|Any CPU.Build.0 = Release|Any CPU
		{5C3E950F-B96A-4D2C-8249-6F080D025313}.Debug|Any CPU.ActiveCfg = Debug|Any CPU
		{5C3E950F-B96A-4D2C-8249-6F080D025313}.Debug|Any CPU.Build.0 = Debug|Any CPU
		{5C3E950F-B96A-4D2C-8249-6F080D025313}.Release|Any CPU.ActiveCfg = Release|Any CPU
		{5C3E950F-B96A-4D2C-8249-6F080D025313}.Release|Any CPU.Build.0 = Release|Any CPU
		{1759C1DF-248F-0900-B0AC-A648D7DA814A}.Debug|Any CPU.ActiveCfg = Debug|Any CPU
		{1759C1DF-248F-0900-B0AC-A648D7DA814A}.Debug|Any CPU.Build.0 = Debug|Any CPU
		{1759C1DF-248F-0900-B0AC-A648D7DA814A}.Release|Any CPU.ActiveCfg = Release|Any CPU
		{1759C1DF-248F-0900-B0AC-A648D7DA814A}.Release|Any CPU.Build.0 = Release|Any CPU
		{9B9BDB95-BCB1-4C8E-8FC0-B2A82B6D87AC}.Debug|Any CPU.ActiveCfg = Debug|Any CPU
		{9B9BDB95-BCB1-4C8E-8FC0-B2A82B6D87AC}.Debug|Any CPU.Build.0 = Debug|Any CPU
		{9B9BDB95-BCB1-4C8E-8FC0-B2A82B6D87AC}.Release|Any CPU.ActiveCfg = Release|Any CPU
		{9B9BDB95-BCB1-4C8E-8FC0-B2A82B6D87AC}.Release|Any CPU.Build.0 = Release|Any CPU
		{793FF648-61E2-4C5B-8C25-2A47C4FFDBFD}.Debug|Any CPU.ActiveCfg = Debug|Any CPU
		{793FF648-61E2-4C5B-8C25-2A47C4FFDBFD}.Debug|Any CPU.Build.0 = Debug|Any CPU
		{793FF648-61E2-4C5B-8C25-2A47C4FFDBFD}.Release|Any CPU.ActiveCfg = Release|Any CPU
		{793FF648-61E2-4C5B-8C25-2A47C4FFDBFD}.Release|Any CPU.Build.0 = Release|Any CPU
		{EF70D409-6F82-44AE-B30F-7FFA1CE0BEE8}.Debug|Any CPU.ActiveCfg = Debug|Any CPU
		{EF70D409-6F82-44AE-B30F-7FFA1CE0BEE8}.Debug|Any CPU.Build.0 = Debug|Any CPU
		{EF70D409-6F82-44AE-B30F-7FFA1CE0BEE8}.Release|Any CPU.ActiveCfg = Release|Any CPU
		{EF70D409-6F82-44AE-B30F-7FFA1CE0BEE8}.Release|Any CPU.Build.0 = Release|Any CPU
		{D4CE7AA8-D7FF-475B-B287-264565D5044D}.Debug|Any CPU.ActiveCfg = Debug|Any CPU
		{D4CE7AA8-D7FF-475B-B287-264565D5044D}.Debug|Any CPU.Build.0 = Debug|Any CPU
		{D4CE7AA8-D7FF-475B-B287-264565D5044D}.Release|Any CPU.ActiveCfg = Release|Any CPU
		{D4CE7AA8-D7FF-475B-B287-264565D5044D}.Release|Any CPU.Build.0 = Release|Any CPU
		{42EC9941-0FFB-4C78-93A2-8E63996DCA7F}.Debug|Any CPU.ActiveCfg = Debug|Any CPU
		{42EC9941-0FFB-4C78-93A2-8E63996DCA7F}.Debug|Any CPU.Build.0 = Debug|Any CPU
		{42EC9941-0FFB-4C78-93A2-8E63996DCA7F}.Release|Any CPU.ActiveCfg = Release|Any CPU
		{42EC9941-0FFB-4C78-93A2-8E63996DCA7F}.Release|Any CPU.Build.0 = Release|Any CPU
		{1215EED3-F2A2-4783-B296-4CDF26D5C03E}.Debug|Any CPU.ActiveCfg = Debug|Any CPU
		{1215EED3-F2A2-4783-B296-4CDF26D5C03E}.Debug|Any CPU.Build.0 = Debug|Any CPU
		{1215EED3-F2A2-4783-B296-4CDF26D5C03E}.Release|Any CPU.ActiveCfg = Release|Any CPU
		{1215EED3-F2A2-4783-B296-4CDF26D5C03E}.Release|Any CPU.Build.0 = Release|Any CPU
		{92B96951-7EAF-4AD3-9BEA-D7B6319832DB}.Debug|Any CPU.ActiveCfg = Debug|Any CPU
		{92B96951-7EAF-4AD3-9BEA-D7B6319832DB}.Debug|Any CPU.Build.0 = Debug|Any CPU
		{92B96951-7EAF-4AD3-9BEA-D7B6319832DB}.Release|Any CPU.ActiveCfg = Release|Any CPU
		{92B96951-7EAF-4AD3-9BEA-D7B6319832DB}.Release|Any CPU.Build.0 = Release|Any CPU
		{917EFFE3-5A3A-4F3E-B9A9-C741D800DF97}.Debug|Any CPU.ActiveCfg = Debug|Any CPU
		{917EFFE3-5A3A-4F3E-B9A9-C741D800DF97}.Debug|Any CPU.Build.0 = Debug|Any CPU
		{917EFFE3-5A3A-4F3E-B9A9-C741D800DF97}.Release|Any CPU.ActiveCfg = Release|Any CPU
		{917EFFE3-5A3A-4F3E-B9A9-C741D800DF97}.Release|Any CPU.Build.0 = Release|Any CPU
		{24A73209-17F4-401B-9C89-59C0EDE3C571}.Debug|Any CPU.ActiveCfg = Debug|Any CPU
		{24A73209-17F4-401B-9C89-59C0EDE3C571}.Debug|Any CPU.Build.0 = Debug|Any CPU
		{24A73209-17F4-401B-9C89-59C0EDE3C571}.Release|Any CPU.ActiveCfg = Release|Any CPU
		{24A73209-17F4-401B-9C89-59C0EDE3C571}.Release|Any CPU.Build.0 = Release|Any CPU
		{B5EE4A5F-00EE-4E14-907C-55265C02137D}.Debug|Any CPU.ActiveCfg = Debug|Any CPU
		{B5EE4A5F-00EE-4E14-907C-55265C02137D}.Debug|Any CPU.Build.0 = Debug|Any CPU
		{B5EE4A5F-00EE-4E14-907C-55265C02137D}.Release|Any CPU.ActiveCfg = Release|Any CPU
		{B5EE4A5F-00EE-4E14-907C-55265C02137D}.Release|Any CPU.Build.0 = Release|Any CPU
		{275EFFCF-3E9B-4D61-8E5A-D46CD1C1EC69}.Debug|Any CPU.ActiveCfg = Debug|Any CPU
		{275EFFCF-3E9B-4D61-8E5A-D46CD1C1EC69}.Debug|Any CPU.Build.0 = Debug|Any CPU
		{275EFFCF-3E9B-4D61-8E5A-D46CD1C1EC69}.Release|Any CPU.ActiveCfg = Release|Any CPU
		{275EFFCF-3E9B-4D61-8E5A-D46CD1C1EC69}.Release|Any CPU.Build.0 = Release|Any CPU
		{9A993C39-F396-4EB0-ABE7-13F2A97A9BBE}.Debug|Any CPU.ActiveCfg = Debug|Any CPU
		{9A993C39-F396-4EB0-ABE7-13F2A97A9BBE}.Debug|Any CPU.Build.0 = Debug|Any CPU
		{9A993C39-F396-4EB0-ABE7-13F2A97A9BBE}.Release|Any CPU.ActiveCfg = Release|Any CPU
		{9A993C39-F396-4EB0-ABE7-13F2A97A9BBE}.Release|Any CPU.Build.0 = Release|Any CPU
	EndGlobalSection
	GlobalSection(SolutionProperties) = preSolution
		HideSolutionNode = FALSE
	EndGlobalSection
	GlobalSection(NestedProjects) = preSolution
		{4A4A5885-C826-4485-AEE2-5D20DB8DD074} = {72180AF2-9E44-44EC-846B-1E7B6952FA41}
		{4F3650E5-3647-4403-A285-3ED6F6EF6E69} = {72180AF2-9E44-44EC-846B-1E7B6952FA41}
		{C4A5DE99-A081-4EF4-AE69-2D897E45EF0B} = {72180AF2-9E44-44EC-846B-1E7B6952FA41}
		{F5E67B17-7A35-4D47-8375-20ECDB9F332C} = {72180AF2-9E44-44EC-846B-1E7B6952FA41}
		{128EDA3E-BF4C-45F1-90F0-D363D7B81803} = {72180AF2-9E44-44EC-846B-1E7B6952FA41}
		{64D202DE-09F4-4A39-BB2C-9BDEBF07CEAA} = {72180AF2-9E44-44EC-846B-1E7B6952FA41}
		{5C3E950F-B96A-4D2C-8249-6F080D025313} = {72180AF2-9E44-44EC-846B-1E7B6952FA41}
		{1759C1DF-248F-0900-B0AC-A648D7DA814A} = {72180AF2-9E44-44EC-846B-1E7B6952FA41}
		{9B9BDB95-BCB1-4C8E-8FC0-B2A82B6D87AC} = {72180AF2-9E44-44EC-846B-1E7B6952FA41}
		{793FF648-61E2-4C5B-8C25-2A47C4FFDBFD} = {72180AF2-9E44-44EC-846B-1E7B6952FA41}
		{EF70D409-6F82-44AE-B30F-7FFA1CE0BEE8} = {72180AF2-9E44-44EC-846B-1E7B6952FA41}
		{D4CE7AA8-D7FF-475B-B287-264565D5044D} = {72180AF2-9E44-44EC-846B-1E7B6952FA41}
		{42EC9941-0FFB-4C78-93A2-8E63996DCA7F} = {72180AF2-9E44-44EC-846B-1E7B6952FA41}
		{1215EED3-F2A2-4783-B296-4CDF26D5C03E} = {72180AF2-9E44-44EC-846B-1E7B6952FA41}
		{92B96951-7EAF-4AD3-9BEA-D7B6319832DB} = {72180AF2-9E44-44EC-846B-1E7B6952FA41}
		{0BBF4F8A-ACFA-43CA-8686-9CB069E24A90} = {6D0C1632-D544-46DD-949C-106BF9890B1C}
		{917EFFE3-5A3A-4F3E-B9A9-C741D800DF97} = {0BBF4F8A-ACFA-43CA-8686-9CB069E24A90}
		{24A73209-17F4-401B-9C89-59C0EDE3C571} = {0BBF4F8A-ACFA-43CA-8686-9CB069E24A90}
		{F510E8A0-CF29-4B8C-9A08-88159A4AE3CB} = {6D0C1632-D544-46DD-949C-106BF9890B1C}
		{B5EE4A5F-00EE-4E14-907C-55265C02137D} = {F510E8A0-CF29-4B8C-9A08-88159A4AE3CB}
		{275EFFCF-3E9B-4D61-8E5A-D46CD1C1EC69} = {F510E8A0-CF29-4B8C-9A08-88159A4AE3CB}
		{9A993C39-F396-4EB0-ABE7-13F2A97A9BBE} = {F510E8A0-CF29-4B8C-9A08-88159A4AE3CB}
	EndGlobalSection
	GlobalSection(ExtensibilityGlobals) = postSolution
		SolutionGuid = {52157EB6-23D3-43A8-BEB7-65BCF0DB17A2}
	EndGlobalSection
EndGlobal
